// !$*UTF8*$!
{
	archiveVersion = 1;
	classes = {
	};
	objectVersion = 46;
	objects = {

/* Begin PBXBuildFile section */
		D02E874018519C7B00B15316 /* CFNetwork.framework in Frameworks */ = {isa = PBXBuildFile; fileRef = D02E873F18519C7B00B15316 /* CFNetwork.framework */; };
		D02E874218519C8700B15316 /* libz.dylib in Frameworks */ = {isa = PBXBuildFile; fileRef = D02E874118519C8700B15316 /* libz.dylib */; };
		D03677011857D47C002A042D /* zumero.a in Frameworks */ = {isa = PBXBuildFile; fileRef = D03677001857D47C002A042D /* zumero.a */; };
		D049EF46188CA62F00EF8672 /* OriginalSampleStore.m in Sources */ = {isa = PBXBuildFile; fileRef = D049EF45188CA62F00EF8672 /* OriginalSampleStore.m */; };
		D049EF49188CA63A00EF8672 /* ChildSampleStore.m in Sources */ = {isa = PBXBuildFile; fileRef = D049EF48188CA63A00EF8672 /* ChildSampleStore.m */; };
		D062D9411895D24E00AEDADA /* AWSiOSSDK.framework in Frameworks */ = {isa = PBXBuildFile; fileRef = D062D9401895D24E00AEDADA /* AWSiOSSDK.framework */; };
		D062D9421895D26400AEDADA /* AWSiOSSDK.framework in Frameworks */ = {isa = PBXBuildFile; fileRef = D062D9401895D24E00AEDADA /* AWSiOSSDK.framework */; };
		D069CE5E183C716D0065B65F /* libsqlite3.dylib in Frameworks */ = {isa = PBXBuildFile; fileRef = D069CE5D183C716D0065B65F /* libsqlite3.dylib */; };
		D08A762E188DBDEC002F948C /* LibraryView.m in Sources */ = {isa = PBXBuildFile; fileRef = D08A762D188DBDEC002F948C /* LibraryView.m */; };
		D08A7630188DBDFB002F948C /* LibraryView.xib in Resources */ = {isa = PBXBuildFile; fileRef = D08A762F188DBDFB002F948C /* LibraryView.xib */; };
		D0969B521851C142008C4BD5 /* SQLiteWrapper.m in Sources */ = {isa = PBXBuildFile; fileRef = D0969B511851C142008C4BD5 /* SQLiteWrapper.m */; };
		D0C076B8188AFB9200B3D48E /* OriginalSample.m in Sources */ = {isa = PBXBuildFile; fileRef = D0C076B7188AFB9200B3D48E /* OriginalSample.m */; };
		D0C076BB188AFBA600B3D48E /* ChildSample.m in Sources */ = {isa = PBXBuildFile; fileRef = D0C076BA188AFBA600B3D48E /* ChildSample.m */; };
		D0C076BE188AFF7A00B3D48E /* OriginalSampleConstants.m in Sources */ = {isa = PBXBuildFile; fileRef = D0C076BD188AFF7A00B3D48E /* OriginalSampleConstants.m */; };
		D0C076C1188B03C500B3D48E /* OriginalSampleConstantsTests.m in Sources */ = {isa = PBXBuildFile; fileRef = D0C076C0188B03C500B3D48E /* OriginalSampleConstantsTests.m */; };
		D0C076C4188B062600B3D48E /* ChildSampleConstants.m in Sources */ = {isa = PBXBuildFile; fileRef = D0C076C3188B062600B3D48E /* ChildSampleConstants.m */; };
		D0DDDE2F188E33A30060B8C2 /* ChildrenView.m in Sources */ = {isa = PBXBuildFile; fileRef = D0DDDE2D188E33A30060B8C2 /* ChildrenView.m */; };
		D0DDDE30188E33A30060B8C2 /* ChildrenView.xib in Resources */ = {isa = PBXBuildFile; fileRef = D0DDDE2E188E33A30060B8C2 /* ChildrenView.xib */; };
		D712AAD51894C6050093E457 /* S3UtilsTests.m in Sources */ = {isa = PBXBuildFile; fileRef = D712AAD41894C6050093E457 /* S3UtilsTests.m */; };
		D729BCFB181C1FC600F762A3 /* Cocoa.framework in Frameworks */ = {isa = PBXBuildFile; fileRef = D729BCFA181C1FC600F762A3 /* Cocoa.framework */; };
		D729BD05181C1FC600F762A3 /* InfoPlist.strings in Resources */ = {isa = PBXBuildFile; fileRef = D729BD03181C1FC600F762A3 /* InfoPlist.strings */; };
		D729BD07181C1FC600F762A3 /* main.m in Sources */ = {isa = PBXBuildFile; fileRef = D729BD06181C1FC600F762A3 /* main.m */; };
		D729BD0B181C1FC600F762A3 /* Credits.rtf in Resources */ = {isa = PBXBuildFile; fileRef = D729BD09181C1FC600F762A3 /* Credits.rtf */; };
		D729BD0E181C1FC600F762A3 /* AppDelegate.m in Sources */ = {isa = PBXBuildFile; fileRef = D729BD0D181C1FC600F762A3 /* AppDelegate.m */; };
		D729BD13181C1FC600F762A3 /* Images.xcassets in Resources */ = {isa = PBXBuildFile; fileRef = D729BD12181C1FC600F762A3 /* Images.xcassets */; };
		D729BD1A181C1FC600F762A3 /* XCTest.framework in Frameworks */ = {isa = PBXBuildFile; fileRef = D729BD19181C1FC600F762A3 /* XCTest.framework */; };
		D729BD1B181C1FC600F762A3 /* Cocoa.framework in Frameworks */ = {isa = PBXBuildFile; fileRef = D729BCFA181C1FC600F762A3 /* Cocoa.framework */; };
		D729BD23181C1FC600F762A3 /* InfoPlist.strings in Resources */ = {isa = PBXBuildFile; fileRef = D729BD21181C1FC600F762A3 /* InfoPlist.strings */; };
		D729BD25181C1FC600F762A3 /* ProjectCrystalBlueOSXTests.m in Sources */ = {isa = PBXBuildFile; fileRef = D729BD24181C1FC600F762A3 /* ProjectCrystalBlueOSXTests.m */; };
		D7527C981895A81200D87539 /* UNIT_TEST_UPLOAD_IMAGE_16x16.jpg in Resources */ = {isa = PBXBuildFile; fileRef = D7527C971895A81200D87539 /* UNIT_TEST_UPLOAD_IMAGE_16x16.jpg */; };
		D7608DB51894962F00F54869 /* no_image.png in Resources */ = {isa = PBXBuildFile; fileRef = D7608DB41894962F00F54869 /* no_image.png */; };
		D7608DBB189496CA00F54869 /* S3ImageStore.m in Sources */ = {isa = PBXBuildFile; fileRef = D7608DBA189496CA00F54869 /* S3ImageStore.m */; };
		D7608DC118949A9200F54869 /* S3ImageStoreTests.m in Sources */ = {isa = PBXBuildFile; fileRef = D7608DC018949A9200F54869 /* S3ImageStoreTests.m */; };
		D7608DC51894B76900F54869 /* S3Utils.m in Sources */ = {isa = PBXBuildFile; fileRef = D7608DC41894B76900F54869 /* S3Utils.m */; };
/* End PBXBuildFile section */

/* Begin PBXContainerItemProxy section */
		D729BD1C181C1FC600F762A3 /* PBXContainerItemProxy */ = {
			isa = PBXContainerItemProxy;
			containerPortal = D729BCEF181C1FC600F762A3 /* Project object */;
			proxyType = 1;
			remoteGlobalIDString = D729BCF6181C1FC600F762A3;
			remoteInfo = ProjectCrystalBlueOSX;
		};
/* End PBXContainerItemProxy section */

/* Begin PBXFileReference section */
		D02E873F18519C7B00B15316 /* CFNetwork.framework */ = {isa = PBXFileReference; lastKnownFileType = wrapper.framework; name = CFNetwork.framework; path = System/Library/Frameworks/CFNetwork.framework; sourceTree = SDKROOT; };
		D02E874118519C8700B15316 /* libz.dylib */ = {isa = PBXFileReference; lastKnownFileType = "compiled.mach-o.dylib"; name = libz.dylib; path = usr/lib/libz.dylib; sourceTree = SDKROOT; };
		D03677001857D47C002A042D /* zumero.a */ = {isa = PBXFileReference; lastKnownFileType = archive.ar; name = zumero.a; path = include/zumero.a; sourceTree = "<group>"; };
		D049EF44188CA62F00EF8672 /* OriginalSampleStore.h */ = {isa = PBXFileReference; fileEncoding = 4; lastKnownFileType = sourcecode.c.h; path = OriginalSampleStore.h; sourceTree = "<group>"; };
		D049EF45188CA62F00EF8672 /* OriginalSampleStore.m */ = {isa = PBXFileReference; fileEncoding = 4; lastKnownFileType = sourcecode.c.objc; path = OriginalSampleStore.m; sourceTree = "<group>"; };
		D049EF47188CA63A00EF8672 /* ChildSampleStore.h */ = {isa = PBXFileReference; fileEncoding = 4; lastKnownFileType = sourcecode.c.h; path = ChildSampleStore.h; sourceTree = "<group>"; };
		D049EF48188CA63A00EF8672 /* ChildSampleStore.m */ = {isa = PBXFileReference; fileEncoding = 4; lastKnownFileType = sourcecode.c.objc; path = ChildSampleStore.m; sourceTree = "<group>"; };
		D062D9401895D24E00AEDADA /* AWSiOSSDK.framework */ = {isa = PBXFileReference; lastKnownFileType = wrapper.framework; name = AWSiOSSDK.framework; path = include/AWSiOSSDK.framework; sourceTree = "<group>"; };
		D069CE5D183C716D0065B65F /* libsqlite3.dylib */ = {isa = PBXFileReference; lastKnownFileType = "compiled.mach-o.dylib"; name = libsqlite3.dylib; path = usr/lib/libsqlite3.dylib; sourceTree = SDKROOT; };
		D08A762C188DBDEC002F948C /* LibraryView.h */ = {isa = PBXFileReference; fileEncoding = 4; lastKnownFileType = sourcecode.c.h; path = LibraryView.h; sourceTree = "<group>"; };
		D08A762D188DBDEC002F948C /* LibraryView.m */ = {isa = PBXFileReference; fileEncoding = 4; lastKnownFileType = sourcecode.c.objc; path = LibraryView.m; sourceTree = "<group>"; };
		D08A762F188DBDFB002F948C /* LibraryView.xib */ = {isa = PBXFileReference; fileEncoding = 4; lastKnownFileType = file.xib; path = LibraryView.xib; sourceTree = "<group>"; };
		D0969B501851C142008C4BD5 /* SQLiteWrapper.h */ = {isa = PBXFileReference; fileEncoding = 4; lastKnownFileType = sourcecode.c.h; path = SQLiteWrapper.h; sourceTree = "<group>"; };
		D0969B511851C142008C4BD5 /* SQLiteWrapper.m */ = {isa = PBXFileReference; fileEncoding = 4; lastKnownFileType = sourcecode.c.objc; path = SQLiteWrapper.m; sourceTree = "<group>"; };
		D0C076B6188AFB9200B3D48E /* OriginalSample.h */ = {isa = PBXFileReference; fileEncoding = 4; lastKnownFileType = sourcecode.c.h; path = OriginalSample.h; sourceTree = "<group>"; };
		D0C076B7188AFB9200B3D48E /* OriginalSample.m */ = {isa = PBXFileReference; fileEncoding = 4; lastKnownFileType = sourcecode.c.objc; path = OriginalSample.m; sourceTree = "<group>"; };
		D0C076B9188AFBA600B3D48E /* ChildSample.h */ = {isa = PBXFileReference; fileEncoding = 4; lastKnownFileType = sourcecode.c.h; path = ChildSample.h; sourceTree = "<group>"; };
		D0C076BA188AFBA600B3D48E /* ChildSample.m */ = {isa = PBXFileReference; fileEncoding = 4; lastKnownFileType = sourcecode.c.objc; path = ChildSample.m; sourceTree = "<group>"; };
		D0C076BC188AFF7A00B3D48E /* OriginalSampleConstants.h */ = {isa = PBXFileReference; fileEncoding = 4; lastKnownFileType = sourcecode.c.h; path = OriginalSampleConstants.h; sourceTree = "<group>"; };
		D0C076BD188AFF7A00B3D48E /* OriginalSampleConstants.m */ = {isa = PBXFileReference; fileEncoding = 4; lastKnownFileType = sourcecode.c.objc; path = OriginalSampleConstants.m; sourceTree = "<group>"; };
		D0C076C0188B03C500B3D48E /* OriginalSampleConstantsTests.m */ = {isa = PBXFileReference; fileEncoding = 4; lastKnownFileType = sourcecode.c.objc; path = OriginalSampleConstantsTests.m; sourceTree = "<group>"; };
		D0C076C2188B062600B3D48E /* ChildSampleConstants.h */ = {isa = PBXFileReference; fileEncoding = 4; lastKnownFileType = sourcecode.c.h; path = ChildSampleConstants.h; sourceTree = "<group>"; };
		D0C076C3188B062600B3D48E /* ChildSampleConstants.m */ = {isa = PBXFileReference; fileEncoding = 4; lastKnownFileType = sourcecode.c.objc; path = ChildSampleConstants.m; sourceTree = "<group>"; };
		D0DDDE2C188E33A30060B8C2 /* ChildrenView.h */ = {isa = PBXFileReference; fileEncoding = 4; lastKnownFileType = sourcecode.c.h; path = ChildrenView.h; sourceTree = "<group>"; };
		D0DDDE2D188E33A30060B8C2 /* ChildrenView.m */ = {isa = PBXFileReference; fileEncoding = 4; lastKnownFileType = sourcecode.c.objc; path = ChildrenView.m; sourceTree = "<group>"; };
		D0DDDE2E188E33A30060B8C2 /* ChildrenView.xib */ = {isa = PBXFileReference; fileEncoding = 4; lastKnownFileType = file.xib; path = ChildrenView.xib; sourceTree = "<group>"; };
		D70122EB188E2CDB00057537 /* ImageStore.h */ = {isa = PBXFileReference; lastKnownFileType = sourcecode.c.h; path = ImageStore.h; sourceTree = "<group>"; };
		D712AAD41894C6050093E457 /* S3UtilsTests.m */ = {isa = PBXFileReference; fileEncoding = 4; lastKnownFileType = sourcecode.c.objc; path = S3UtilsTests.m; sourceTree = "<group>"; };
		D729BCF7181C1FC600F762A3 /* ProjectCrystalBlueOSX.app */ = {isa = PBXFileReference; explicitFileType = wrapper.application; includeInIndex = 0; path = ProjectCrystalBlueOSX.app; sourceTree = BUILT_PRODUCTS_DIR; };
		D729BCFA181C1FC600F762A3 /* Cocoa.framework */ = {isa = PBXFileReference; lastKnownFileType = wrapper.framework; name = Cocoa.framework; path = System/Library/Frameworks/Cocoa.framework; sourceTree = SDKROOT; };
		D729BCFD181C1FC600F762A3 /* AppKit.framework */ = {isa = PBXFileReference; lastKnownFileType = wrapper.framework; name = AppKit.framework; path = System/Library/Frameworks/AppKit.framework; sourceTree = SDKROOT; };
		D729BCFE181C1FC600F762A3 /* CoreData.framework */ = {isa = PBXFileReference; lastKnownFileType = wrapper.framework; name = CoreData.framework; path = System/Library/Frameworks/CoreData.framework; sourceTree = SDKROOT; };
		D729BCFF181C1FC600F762A3 /* Foundation.framework */ = {isa = PBXFileReference; lastKnownFileType = wrapper.framework; name = Foundation.framework; path = System/Library/Frameworks/Foundation.framework; sourceTree = SDKROOT; };
		D729BD02181C1FC600F762A3 /* ProjectCrystalBlueOSX-Info.plist */ = {isa = PBXFileReference; lastKnownFileType = text.plist.xml; path = "ProjectCrystalBlueOSX-Info.plist"; sourceTree = "<group>"; };
		D729BD04181C1FC600F762A3 /* en */ = {isa = PBXFileReference; lastKnownFileType = text.plist.strings; name = en; path = en.lproj/InfoPlist.strings; sourceTree = "<group>"; };
		D729BD06181C1FC600F762A3 /* main.m */ = {isa = PBXFileReference; lastKnownFileType = sourcecode.c.objc; path = main.m; sourceTree = "<group>"; };
		D729BD08181C1FC600F762A3 /* ProjectCrystalBlueOSX-Prefix.pch */ = {isa = PBXFileReference; lastKnownFileType = sourcecode.c.h; path = "ProjectCrystalBlueOSX-Prefix.pch"; sourceTree = "<group>"; };
		D729BD0A181C1FC600F762A3 /* en */ = {isa = PBXFileReference; lastKnownFileType = text.rtf; name = en; path = en.lproj/Credits.rtf; sourceTree = "<group>"; };
		D729BD0C181C1FC600F762A3 /* AppDelegate.h */ = {isa = PBXFileReference; lastKnownFileType = sourcecode.c.h; path = AppDelegate.h; sourceTree = "<group>"; };
		D729BD0D181C1FC600F762A3 /* AppDelegate.m */ = {isa = PBXFileReference; lastKnownFileType = sourcecode.c.objc; path = AppDelegate.m; sourceTree = "<group>"; };
		D729BD12181C1FC600F762A3 /* Images.xcassets */ = {isa = PBXFileReference; lastKnownFileType = folder.assetcatalog; path = Images.xcassets; sourceTree = "<group>"; };
		D729BD18181C1FC600F762A3 /* ProjectCrystalBlueOSXTests.xctest */ = {isa = PBXFileReference; explicitFileType = wrapper.cfbundle; includeInIndex = 0; path = ProjectCrystalBlueOSXTests.xctest; sourceTree = BUILT_PRODUCTS_DIR; };
		D729BD19181C1FC600F762A3 /* XCTest.framework */ = {isa = PBXFileReference; lastKnownFileType = wrapper.framework; name = XCTest.framework; path = Library/Frameworks/XCTest.framework; sourceTree = DEVELOPER_DIR; };
		D729BD20181C1FC600F762A3 /* ProjectCrystalBlueOSXTests-Info.plist */ = {isa = PBXFileReference; lastKnownFileType = text.plist.xml; path = "ProjectCrystalBlueOSXTests-Info.plist"; sourceTree = "<group>"; };
		D729BD22181C1FC600F762A3 /* en */ = {isa = PBXFileReference; lastKnownFileType = text.plist.strings; name = en; path = en.lproj/InfoPlist.strings; sourceTree = "<group>"; };
		D729BD24181C1FC600F762A3 /* ProjectCrystalBlueOSXTests.m */ = {isa = PBXFileReference; lastKnownFileType = sourcecode.c.objc; path = ProjectCrystalBlueOSXTests.m; sourceTree = "<group>"; };
		D7527C971895A81200D87539 /* UNIT_TEST_UPLOAD_IMAGE_16x16.jpg */ = {isa = PBXFileReference; lastKnownFileType = image.jpeg; path = UNIT_TEST_UPLOAD_IMAGE_16x16.jpg; sourceTree = "<group>"; };
		D7608DB41894962F00F54869 /* no_image.png */ = {isa = PBXFileReference; lastKnownFileType = image.png; path = no_image.png; sourceTree = "<group>"; };
		D7608DB9189496CA00F54869 /* S3ImageStore.h */ = {isa = PBXFileReference; fileEncoding = 4; lastKnownFileType = sourcecode.c.h; path = S3ImageStore.h; sourceTree = "<group>"; };
		D7608DBA189496CA00F54869 /* S3ImageStore.m */ = {isa = PBXFileReference; fileEncoding = 4; lastKnownFileType = sourcecode.c.objc; path = S3ImageStore.m; sourceTree = "<group>"; };
		D7608DC018949A9200F54869 /* S3ImageStoreTests.m */ = {isa = PBXFileReference; fileEncoding = 4; lastKnownFileType = sourcecode.c.objc; path = S3ImageStoreTests.m; sourceTree = "<group>"; };
		D7608DC31894B76900F54869 /* S3Utils.h */ = {isa = PBXFileReference; fileEncoding = 4; lastKnownFileType = sourcecode.c.h; path = S3Utils.h; sourceTree = "<group>"; };
		D7608DC41894B76900F54869 /* S3Utils.m */ = {isa = PBXFileReference; fileEncoding = 4; lastKnownFileType = sourcecode.c.objc; path = S3Utils.m; sourceTree = "<group>"; };
		D7CB01B11894912600C7E8A8 /* AWSiOSSDK.framework */ = {isa = PBXFileReference; lastKnownFileType = wrapper.framework; path = AWSiOSSDK.framework; sourceTree = "<group>"; };
/* End PBXFileReference section */

/* Begin PBXFrameworksBuildPhase section */
		D729BCF4181C1FC600F762A3 /* Frameworks */ = {
			isa = PBXFrameworksBuildPhase;
			buildActionMask = 2147483647;
			files = (
				D729BCFB181C1FC600F762A3 /* Cocoa.framework in Frameworks */,
				D02E874018519C7B00B15316 /* CFNetwork.framework in Frameworks */,
				D062D9411895D24E00AEDADA /* AWSiOSSDK.framework in Frameworks */,
				D03677011857D47C002A042D /* zumero.a in Frameworks */,
				D02E874218519C8700B15316 /* libz.dylib in Frameworks */,
				D069CE5E183C716D0065B65F /* libsqlite3.dylib in Frameworks */,
			);
			runOnlyForDeploymentPostprocessing = 0;
		};
		D729BD15181C1FC600F762A3 /* Frameworks */ = {
			isa = PBXFrameworksBuildPhase;
			buildActionMask = 2147483647;
			files = (
				D729BD1B181C1FC600F762A3 /* Cocoa.framework in Frameworks */,
				D729BD1A181C1FC600F762A3 /* XCTest.framework in Frameworks */,
				D062D9421895D26400AEDADA /* AWSiOSSDK.framework in Frameworks */,
			);
			runOnlyForDeploymentPostprocessing = 0;
		};
/* End PBXFrameworksBuildPhase section */

/* Begin PBXGroup section */
		D0C076B1188AFAC300B3D48E /* Model */ = {
			isa = PBXGroup;
			children = (
				D0C076B6188AFB9200B3D48E /* OriginalSample.h */,
				D0C076B7188AFB9200B3D48E /* OriginalSample.m */,
				D0C076B9188AFBA600B3D48E /* ChildSample.h */,
				D0C076BA188AFBA600B3D48E /* ChildSample.m */,
				D0C076BC188AFF7A00B3D48E /* OriginalSampleConstants.h */,
				D0C076BD188AFF7A00B3D48E /* OriginalSampleConstants.m */,
				D0C076C2188B062600B3D48E /* ChildSampleConstants.h */,
				D0C076C3188B062600B3D48E /* ChildSampleConstants.m */,
			);
			name = Model;
			sourceTree = "<group>";
		};
		D0C076B2188AFADA00B3D48E /* ViewController */ = {
			isa = PBXGroup;
			children = (
				D08A762C188DBDEC002F948C /* LibraryView.h */,
				D08A762D188DBDEC002F948C /* LibraryView.m */,
				D08A762F188DBDFB002F948C /* LibraryView.xib */,
				D0DDDE2C188E33A30060B8C2 /* ChildrenView.h */,
				D0DDDE2D188E33A30060B8C2 /* ChildrenView.m */,
				D0DDDE2E188E33A30060B8C2 /* ChildrenView.xib */,
			);
			name = ViewController;
			sourceTree = "<group>";
		};
		D0C076B3188AFAE000B3D48E /* Controller */ = {
			isa = PBXGroup;
			children = (
			);
			name = Controller;
			sourceTree = "<group>";
		};
		D0C076B4188AFAE400B3D48E /* Store */ = {
			isa = PBXGroup;
			children = (
				D70122EC188E2FF000057537 /* ImageStore */,
				D049EF44188CA62F00EF8672 /* OriginalSampleStore.h */,
				D049EF45188CA62F00EF8672 /* OriginalSampleStore.m */,
				D049EF47188CA63A00EF8672 /* ChildSampleStore.h */,
				D049EF48188CA63A00EF8672 /* ChildSampleStore.m */,
			);
			name = Store;
			sourceTree = "<group>";
		};
		D0C076B5188AFAEB00B3D48E /* Utility */ = {
			isa = PBXGroup;
			children = (
				D0969B501851C142008C4BD5 /* SQLiteWrapper.h */,
				D0969B511851C142008C4BD5 /* SQLiteWrapper.m */,
			);
			name = Utility;
			sourceTree = "<group>";
		};
		D0C076BF188B03A800B3D48E /* ModelTests */ = {
			isa = PBXGroup;
			children = (
				D0C076C0188B03C500B3D48E /* OriginalSampleConstantsTests.m */,
			);
			name = ModelTests;
			sourceTree = "<group>";
		};
		D70122EC188E2FF000057537 /* ImageStore */ = {
			isa = PBXGroup;
			children = (
				D7608DB31894961E00F54869 /* ImageStoreResources */,
				D70122EB188E2CDB00057537 /* ImageStore.h */,
				D7608DC21894B75100F54869 /* S3ImageStore */,
			);
			name = ImageStore;
			sourceTree = "<group>";
		};
		D729BCEE181C1FC600F762A3 = {
			isa = PBXGroup;
			children = (
				D729BD00181C1FC600F762A3 /* ProjectCrystalBlueOSX */,
				D729BD1E181C1FC600F762A3 /* ProjectCrystalBlueOSXTests */,
				D729BCF9181C1FC600F762A3 /* Frameworks */,
				D729BCF8181C1FC600F762A3 /* Products */,
			);
			sourceTree = "<group>";
		};
		D729BCF8181C1FC600F762A3 /* Products */ = {
			isa = PBXGroup;
			children = (
				D729BCF7181C1FC600F762A3 /* ProjectCrystalBlueOSX.app */,
				D729BD18181C1FC600F762A3 /* ProjectCrystalBlueOSXTests.xctest */,
			);
			name = Products;
			sourceTree = "<group>";
		};
		D729BCF9181C1FC600F762A3 /* Frameworks */ = {
			isa = PBXGroup;
			children = (
				D062D9401895D24E00AEDADA /* AWSiOSSDK.framework */,
				D7CB01B11894912600C7E8A8 /* AWSiOSSDK.framework */,
				D03677001857D47C002A042D /* zumero.a */,
				D02E874118519C8700B15316 /* libz.dylib */,
				D02E873F18519C7B00B15316 /* CFNetwork.framework */,
				D069CE5D183C716D0065B65F /* libsqlite3.dylib */,
				D729BCFA181C1FC600F762A3 /* Cocoa.framework */,
				D729BD19181C1FC600F762A3 /* XCTest.framework */,
				D729BCFC181C1FC600F762A3 /* Other Frameworks */,
			);
			name = Frameworks;
			sourceTree = "<group>";
		};
		D729BCFC181C1FC600F762A3 /* Other Frameworks */ = {
			isa = PBXGroup;
			children = (
				D729BCFD181C1FC600F762A3 /* AppKit.framework */,
				D729BCFE181C1FC600F762A3 /* CoreData.framework */,
				D729BCFF181C1FC600F762A3 /* Foundation.framework */,
			);
			name = "Other Frameworks";
			sourceTree = "<group>";
		};
		D729BD00181C1FC600F762A3 /* ProjectCrystalBlueOSX */ = {
			isa = PBXGroup;
			children = (
				D0C076B3188AFAE000B3D48E /* Controller */,
				D0C076B1188AFAC300B3D48E /* Model */,
				D0C076B4188AFAE400B3D48E /* Store */,
				D0C076B5188AFAEB00B3D48E /* Utility */,
				D0C076B2188AFADA00B3D48E /* ViewController */,
				D729BD0C181C1FC600F762A3 /* AppDelegate.h */,
				D729BD0D181C1FC600F762A3 /* AppDelegate.m */,
				D729BD12181C1FC600F762A3 /* Images.xcassets */,
				D729BD01181C1FC600F762A3 /* Supporting Files */,
			);
			path = ProjectCrystalBlueOSX;
			sourceTree = "<group>";
		};
		D729BD01181C1FC600F762A3 /* Supporting Files */ = {
			isa = PBXGroup;
			children = (
				D729BD02181C1FC600F762A3 /* ProjectCrystalBlueOSX-Info.plist */,
				D729BD03181C1FC600F762A3 /* InfoPlist.strings */,
				D729BD06181C1FC600F762A3 /* main.m */,
				D729BD08181C1FC600F762A3 /* ProjectCrystalBlueOSX-Prefix.pch */,
				D729BD09181C1FC600F762A3 /* Credits.rtf */,
			);
			name = "Supporting Files";
			sourceTree = "<group>";
		};
		D729BD1E181C1FC600F762A3 /* ProjectCrystalBlueOSXTests */ = {
			isa = PBXGroup;
			children = (
				D7608DBC18949A5400F54869 /* Store Tests */,
				D0C076BF188B03A800B3D48E /* ModelTests */,
				D729BD24181C1FC600F762A3 /* ProjectCrystalBlueOSXTests.m */,
				D729BD1F181C1FC600F762A3 /* Supporting Files */,
			);
			path = ProjectCrystalBlueOSXTests;
			sourceTree = "<group>";
		};
		D729BD1F181C1FC600F762A3 /* Supporting Files */ = {
			isa = PBXGroup;
			children = (
				D729BD20181C1FC600F762A3 /* ProjectCrystalBlueOSXTests-Info.plist */,
				D729BD21181C1FC600F762A3 /* InfoPlist.strings */,
			);
			name = "Supporting Files";
			sourceTree = "<group>";
		};
		D7608DB31894961E00F54869 /* ImageStoreResources */ = {
			isa = PBXGroup;
			children = (
				D7608DB41894962F00F54869 /* no_image.png */,
			);
			name = ImageStoreResources;
			sourceTree = "<group>";
		};
		D7608DBC18949A5400F54869 /* Store Tests */ = {
			isa = PBXGroup;
			children = (
				D7608DBF18949A7400F54869 /* S3ImageStore Tests */,
			);
			name = "Store Tests";
			sourceTree = "<group>";
		};
		D7608DBF18949A7400F54869 /* S3ImageStore Tests */ = {
			isa = PBXGroup;
			children = (
				D7527C971895A81200D87539 /* UNIT_TEST_UPLOAD_IMAGE_16x16.jpg */,
				D7608DC018949A9200F54869 /* S3ImageStoreTests.m */,
				D712AAD41894C6050093E457 /* S3UtilsTests.m */,
			);
			name = "S3ImageStore Tests";
			sourceTree = "<group>";
		};
		D7608DC21894B75100F54869 /* S3ImageStore */ = {
			isa = PBXGroup;
			children = (
				D7608DB9189496CA00F54869 /* S3ImageStore.h */,
				D7608DBA189496CA00F54869 /* S3ImageStore.m */,
				D7608DC31894B76900F54869 /* S3Utils.h */,
				D7608DC41894B76900F54869 /* S3Utils.m */,
			);
			name = S3ImageStore;
			sourceTree = "<group>";
		};
/* End PBXGroup section */

/* Begin PBXNativeTarget section */
		D729BCF6181C1FC600F762A3 /* ProjectCrystalBlueOSX */ = {
			isa = PBXNativeTarget;
			buildConfigurationList = D729BD28181C1FC600F762A3 /* Build configuration list for PBXNativeTarget "ProjectCrystalBlueOSX" */;
			buildPhases = (
				D729BCF3181C1FC600F762A3 /* Sources */,
				D729BCF4181C1FC600F762A3 /* Frameworks */,
				D729BCF5181C1FC600F762A3 /* Resources */,
			);
			buildRules = (
			);
			dependencies = (
			);
			name = ProjectCrystalBlueOSX;
			productName = ProjectCrystalBlueOSX;
			productReference = D729BCF7181C1FC600F762A3 /* ProjectCrystalBlueOSX.app */;
			productType = "com.apple.product-type.application";
		};
		D729BD17181C1FC600F762A3 /* ProjectCrystalBlueOSXTests */ = {
			isa = PBXNativeTarget;
			buildConfigurationList = D729BD2B181C1FC600F762A3 /* Build configuration list for PBXNativeTarget "ProjectCrystalBlueOSXTests" */;
			buildPhases = (
				D729BD14181C1FC600F762A3 /* Sources */,
				D729BD15181C1FC600F762A3 /* Frameworks */,
				D729BD16181C1FC600F762A3 /* Resources */,
			);
			buildRules = (
			);
			dependencies = (
				D729BD1D181C1FC600F762A3 /* PBXTargetDependency */,
			);
			name = ProjectCrystalBlueOSXTests;
			productName = ProjectCrystalBlueOSXTests;
			productReference = D729BD18181C1FC600F762A3 /* ProjectCrystalBlueOSXTests.xctest */;
			productType = "com.apple.product-type.bundle.unit-test";
		};
/* End PBXNativeTarget section */

/* Begin PBXProject section */
		D729BCEF181C1FC600F762A3 /* Project object */ = {
			isa = PBXProject;
			attributes = {
				LastUpgradeCheck = 0500;
				ORGANIZATIONNAME = "Logan Hood";
				TargetAttributes = {
					D729BD17181C1FC600F762A3 = {
						TestTargetID = D729BCF6181C1FC600F762A3;
					};
				};
			};
			buildConfigurationList = D729BCF2181C1FC600F762A3 /* Build configuration list for PBXProject "ProjectCrystalBlueOSX" */;
			compatibilityVersion = "Xcode 3.2";
			developmentRegion = English;
			hasScannedForEncodings = 0;
			knownRegions = (
				en,
				Base,
			);
			mainGroup = D729BCEE181C1FC600F762A3;
			productRefGroup = D729BCF8181C1FC600F762A3 /* Products */;
			projectDirPath = "";
			projectRoot = "";
			targets = (
				D729BCF6181C1FC600F762A3 /* ProjectCrystalBlueOSX */,
				D729BD17181C1FC600F762A3 /* ProjectCrystalBlueOSXTests */,
			);
		};
/* End PBXProject section */

/* Begin PBXResourcesBuildPhase section */
		D729BCF5181C1FC600F762A3 /* Resources */ = {
			isa = PBXResourcesBuildPhase;
			buildActionMask = 2147483647;
			files = (
				D0DDDE30188E33A30060B8C2 /* ChildrenView.xib in Resources */,
				D729BD05181C1FC600F762A3 /* InfoPlist.strings in Resources */,
				D729BD13181C1FC600F762A3 /* Images.xcassets in Resources */,
				D729BD0B181C1FC600F762A3 /* Credits.rtf in Resources */,
				D7608DB51894962F00F54869 /* no_image.png in Resources */,
				D08A7630188DBDFB002F948C /* LibraryView.xib in Resources */,
			);
			runOnlyForDeploymentPostprocessing = 0;
		};
		D729BD16181C1FC600F762A3 /* Resources */ = {
			isa = PBXResourcesBuildPhase;
			buildActionMask = 2147483647;
			files = (
				D7527C981895A81200D87539 /* UNIT_TEST_UPLOAD_IMAGE_16x16.jpg in Resources */,
				D729BD23181C1FC600F762A3 /* InfoPlist.strings in Resources */,
			);
			runOnlyForDeploymentPostprocessing = 0;
		};
/* End PBXResourcesBuildPhase section */

/* Begin PBXSourcesBuildPhase section */
		D729BCF3181C1FC600F762A3 /* Sources */ = {
			isa = PBXSourcesBuildPhase;
			buildActionMask = 2147483647;
			files = (
				D049EF49188CA63A00EF8672 /* ChildSampleStore.m in Sources */,
				D08A762E188DBDEC002F948C /* LibraryView.m in Sources */,
				D0C076C4188B062600B3D48E /* ChildSampleConstants.m in Sources */,
				D7608DBB189496CA00F54869 /* S3ImageStore.m in Sources */,
				D729BD0E181C1FC600F762A3 /* AppDelegate.m in Sources */,
				D7608DC51894B76900F54869 /* S3Utils.m in Sources */,
				D729BD07181C1FC600F762A3 /* main.m in Sources */,
				D0DDDE2F188E33A30060B8C2 /* ChildrenView.m in Sources */,
				D0C076BE188AFF7A00B3D48E /* OriginalSampleConstants.m in Sources */,
				D0C076B8188AFB9200B3D48E /* OriginalSample.m in Sources */,
				D0C076BB188AFBA600B3D48E /* ChildSample.m in Sources */,
				D0969B521851C142008C4BD5 /* SQLiteWrapper.m in Sources */,
				D049EF46188CA62F00EF8672 /* OriginalSampleStore.m in Sources */,
			);
			runOnlyForDeploymentPostprocessing = 0;
		};
		D729BD14181C1FC600F762A3 /* Sources */ = {
			isa = PBXSourcesBuildPhase;
			buildActionMask = 2147483647;
			files = (
				D0C076C1188B03C500B3D48E /* OriginalSampleConstantsTests.m in Sources */,
				D7608DC118949A9200F54869 /* S3ImageStoreTests.m in Sources */,
				D729BD25181C1FC600F762A3 /* ProjectCrystalBlueOSXTests.m in Sources */,
				D712AAD51894C6050093E457 /* S3UtilsTests.m in Sources */,
			);
			runOnlyForDeploymentPostprocessing = 0;
		};
/* End PBXSourcesBuildPhase section */

/* Begin PBXTargetDependency section */
		D729BD1D181C1FC600F762A3 /* PBXTargetDependency */ = {
			isa = PBXTargetDependency;
			target = D729BCF6181C1FC600F762A3 /* ProjectCrystalBlueOSX */;
			targetProxy = D729BD1C181C1FC600F762A3 /* PBXContainerItemProxy */;
		};
/* End PBXTargetDependency section */

/* Begin PBXVariantGroup section */
		D729BD03181C1FC600F762A3 /* InfoPlist.strings */ = {
			isa = PBXVariantGroup;
			children = (
				D729BD04181C1FC600F762A3 /* en */,
			);
			name = InfoPlist.strings;
			sourceTree = "<group>";
		};
		D729BD09181C1FC600F762A3 /* Credits.rtf */ = {
			isa = PBXVariantGroup;
			children = (
				D729BD0A181C1FC600F762A3 /* en */,
			);
			name = Credits.rtf;
			sourceTree = "<group>";
		};
		D729BD21181C1FC600F762A3 /* InfoPlist.strings */ = {
			isa = PBXVariantGroup;
			children = (
				D729BD22181C1FC600F762A3 /* en */,
			);
			name = InfoPlist.strings;
			sourceTree = "<group>";
		};
/* End PBXVariantGroup section */

/* Begin XCBuildConfiguration section */
		D729BD26181C1FC600F762A3 /* Debug */ = {
			isa = XCBuildConfiguration;
			buildSettings = {
				ALWAYS_SEARCH_USER_PATHS = NO;
				CLANG_CXX_LANGUAGE_STANDARD = "gnu++0x";
				CLANG_CXX_LIBRARY = "libc++";
				CLANG_ENABLE_OBJC_ARC = YES;
				CLANG_WARN_BOOL_CONVERSION = YES;
				CLANG_WARN_CONSTANT_CONVERSION = YES;
				CLANG_WARN_DIRECT_OBJC_ISA_USAGE = YES_ERROR;
				CLANG_WARN_EMPTY_BODY = YES;
				CLANG_WARN_ENUM_CONVERSION = YES;
				CLANG_WARN_INT_CONVERSION = YES;
				CLANG_WARN_OBJC_ROOT_CLASS = YES_ERROR;
				CLANG_WARN__DUPLICATE_METHOD_MATCH = YES;
				COPY_PHASE_STRIP = NO;
				GCC_C_LANGUAGE_STANDARD = gnu99;
				GCC_DYNAMIC_NO_PIC = NO;
				GCC_ENABLE_OBJC_EXCEPTIONS = YES;
				GCC_OPTIMIZATION_LEVEL = 0;
				GCC_PREPROCESSOR_DEFINITIONS = (
					"DEBUG=1",
					"$(inherited)",
				);
				GCC_SYMBOLS_PRIVATE_EXTERN = NO;
				GCC_WARN_64_TO_32_BIT_CONVERSION = YES;
				GCC_WARN_ABOUT_RETURN_TYPE = YES_ERROR;
				GCC_WARN_UNDECLARED_SELECTOR = YES;
				GCC_WARN_UNINITIALIZED_AUTOS = YES;
				GCC_WARN_UNUSED_FUNCTION = YES;
				GCC_WARN_UNUSED_VARIABLE = YES;
				MACOSX_DEPLOYMENT_TARGET = 10.9;
				ONLY_ACTIVE_ARCH = YES;
				SDKROOT = macosx;
			};
			name = Debug;
		};
		D729BD27181C1FC600F762A3 /* Release */ = {
			isa = XCBuildConfiguration;
			buildSettings = {
				ALWAYS_SEARCH_USER_PATHS = NO;
				CLANG_CXX_LANGUAGE_STANDARD = "gnu++0x";
				CLANG_CXX_LIBRARY = "libc++";
				CLANG_ENABLE_OBJC_ARC = YES;
				CLANG_WARN_BOOL_CONVERSION = YES;
				CLANG_WARN_CONSTANT_CONVERSION = YES;
				CLANG_WARN_DIRECT_OBJC_ISA_USAGE = YES_ERROR;
				CLANG_WARN_EMPTY_BODY = YES;
				CLANG_WARN_ENUM_CONVERSION = YES;
				CLANG_WARN_INT_CONVERSION = YES;
				CLANG_WARN_OBJC_ROOT_CLASS = YES_ERROR;
				CLANG_WARN__DUPLICATE_METHOD_MATCH = YES;
				COPY_PHASE_STRIP = YES;
				DEBUG_INFORMATION_FORMAT = "dwarf-with-dsym";
				ENABLE_NS_ASSERTIONS = NO;
				GCC_C_LANGUAGE_STANDARD = gnu99;
				GCC_ENABLE_OBJC_EXCEPTIONS = YES;
				GCC_WARN_64_TO_32_BIT_CONVERSION = YES;
				GCC_WARN_ABOUT_RETURN_TYPE = YES_ERROR;
				GCC_WARN_UNDECLARED_SELECTOR = YES;
				GCC_WARN_UNINITIALIZED_AUTOS = YES;
				GCC_WARN_UNUSED_FUNCTION = YES;
				GCC_WARN_UNUSED_VARIABLE = YES;
				MACOSX_DEPLOYMENT_TARGET = 10.9;
				SDKROOT = macosx;
			};
			name = Release;
		};
		D729BD29181C1FC600F762A3 /* Debug */ = {
			isa = XCBuildConfiguration;
			buildSettings = {
				ASSETCATALOG_COMPILER_APPICON_NAME = AppIcon;
				COMBINE_HIDPI_IMAGES = YES;
				FRAMEWORK_SEARCH_PATHS = (
					"$(inherited)",
					"$(SRCROOT)/include",
				);
				GCC_PRECOMPILE_PREFIX_HEADER = YES;
				GCC_PREFIX_HEADER = "ProjectCrystalBlueOSX/ProjectCrystalBlueOSX-Prefix.pch";
				HEADER_SEARCH_PATHS = (
					"$(inherited)",
					/Applications/Xcode.app/Contents/Developer/Toolchains/XcodeDefault.xctoolchain/usr/include,
					"$(SRCROOT)/include",
				);
				INFOPLIST_FILE = "ProjectCrystalBlueOSX/ProjectCrystalBlueOSX-Info.plist";
				LIBRARY_SEARCH_PATHS = (
					"$(inherited)",
					"$(SRCROOT)/include",
				);
				PRODUCT_NAME = "$(TARGET_NAME)";
				WRAPPER_EXTENSION = app;
			};
			name = Debug;
		};
		D729BD2A181C1FC600F762A3 /* Release */ = {
			isa = XCBuildConfiguration;
			buildSettings = {
				ASSETCATALOG_COMPILER_APPICON_NAME = AppIcon;
				COMBINE_HIDPI_IMAGES = YES;
				FRAMEWORK_SEARCH_PATHS = (
					"$(inherited)",
					"$(SRCROOT)/include",
				);
				GCC_PRECOMPILE_PREFIX_HEADER = YES;
				GCC_PREFIX_HEADER = "ProjectCrystalBlueOSX/ProjectCrystalBlueOSX-Prefix.pch";
				HEADER_SEARCH_PATHS = (
					"$(inherited)",
					/Applications/Xcode.app/Contents/Developer/Toolchains/XcodeDefault.xctoolchain/usr/include,
					"$(SRCROOT)/include",
				);
				INFOPLIST_FILE = "ProjectCrystalBlueOSX/ProjectCrystalBlueOSX-Info.plist";
				LIBRARY_SEARCH_PATHS = (
					"$(inherited)",
					"$(SRCROOT)/include",
				);
				PRODUCT_NAME = "$(TARGET_NAME)";
				WRAPPER_EXTENSION = app;
			};
			name = Release;
		};
		D729BD2C181C1FC600F762A3 /* Debug */ = {
			isa = XCBuildConfiguration;
			buildSettings = {
				BUNDLE_LOADER = "$(BUILT_PRODUCTS_DIR)/ProjectCrystalBlueOSX.app/Contents/MacOS/ProjectCrystalBlueOSX";
				COMBINE_HIDPI_IMAGES = YES;
				FRAMEWORK_SEARCH_PATHS = (
					"$(DEVELOPER_FRAMEWORKS_DIR)",
					"$(inherited)",
					"$(SRCROOT)/include",
				);
				GCC_PRECOMPILE_PREFIX_HEADER = YES;
				GCC_PREFIX_HEADER = "ProjectCrystalBlueOSX/ProjectCrystalBlueOSX-Prefix.pch";
				GCC_PREPROCESSOR_DEFINITIONS = (
					"DEBUG=1",
					"$(inherited)",
				);
				HEADER_SEARCH_PATHS = (
					"$(inherited)",
					/Applications/Xcode.app/Contents/Developer/Toolchains/XcodeDefault.xctoolchain/usr/include,
					"$(SRCROOT)/include",
				);
				INFOPLIST_FILE = "ProjectCrystalBlueOSXTests/ProjectCrystalBlueOSXTests-Info.plist";
				LIBRARY_SEARCH_PATHS = "$(SRCROOT)/include";
				PRODUCT_NAME = "$(TARGET_NAME)";
				TEST_HOST = "$(BUNDLE_LOADER)";
				WRAPPER_EXTENSION = xctest;
			};
			name = Debug;
		};
		D729BD2D181C1FC600F762A3 /* Release */ = {
			isa = XCBuildConfiguration;
			buildSettings = {
				BUNDLE_LOADER = "$(BUILT_PRODUCTS_DIR)/ProjectCrystalBlueOSX.app/Contents/MacOS/ProjectCrystalBlueOSX";
				COMBINE_HIDPI_IMAGES = YES;
				FRAMEWORK_SEARCH_PATHS = (
					"$(DEVELOPER_FRAMEWORKS_DIR)",
					"$(inherited)",
					"$(SRCROOT)/include",
				);
				GCC_PRECOMPILE_PREFIX_HEADER = YES;
				GCC_PREFIX_HEADER = "ProjectCrystalBlueOSX/ProjectCrystalBlueOSX-Prefix.pch";
				HEADER_SEARCH_PATHS = (
					"$(inherited)",
					/Applications/Xcode.app/Contents/Developer/Toolchains/XcodeDefault.xctoolchain/usr/include,
					"$(SRCROOT)/include",
				);
				INFOPLIST_FILE = "ProjectCrystalBlueOSXTests/ProjectCrystalBlueOSXTests-Info.plist";
				LIBRARY_SEARCH_PATHS = "$(SRCROOT)/include";
				PRODUCT_NAME = "$(TARGET_NAME)";
				TEST_HOST = "$(BUNDLE_LOADER)";
				WRAPPER_EXTENSION = xctest;
			};
			name = Release;
		};
/* End XCBuildConfiguration section */

/* Begin XCConfigurationList section */
		D729BCF2181C1FC600F762A3 /* Build configuration list for PBXProject "ProjectCrystalBlueOSX" */ = {
			isa = XCConfigurationList;
			buildConfigurations = (
				D729BD26181C1FC600F762A3 /* Debug */,
				D729BD27181C1FC600F762A3 /* Release */,
			);
			defaultConfigurationIsVisible = 0;
			defaultConfigurationName = Release;
		};
		D729BD28181C1FC600F762A3 /* Build configuration list for PBXNativeTarget "ProjectCrystalBlueOSX" */ = {
			isa = XCConfigurationList;
			buildConfigurations = (
				D729BD29181C1FC600F762A3 /* Debug */,
				D729BD2A181C1FC600F762A3 /* Release */,
			);
			defaultConfigurationIsVisible = 0;
			defaultConfigurationName = Release;
		};
		D729BD2B181C1FC600F762A3 /* Build configuration list for PBXNativeTarget "ProjectCrystalBlueOSXTests" */ = {
			isa = XCConfigurationList;
			buildConfigurations = (
				D729BD2C181C1FC600F762A3 /* Debug */,
				D729BD2D181C1FC600F762A3 /* Release */,
			);
			defaultConfigurationIsVisible = 0;
			defaultConfigurationName = Release;
		};
/* End XCConfigurationList section */
	};
	rootObject = D729BCEF181C1FC600F762A3 /* Project object */;
}
