// !$*UTF8*$!
{
	archiveVersion = 1;
	classes = {
	};
	objectVersion = 46;
	objects = {

/* Begin PBXBuildFile section */
		D024A0D718ADA07600B577E4 /* TransactionStoreTests.m in Sources */ = {isa = PBXBuildFile; fileRef = D024A0D618ADA07600B577E4 /* TransactionStoreTests.m */; };
		D0655A0518B207F7008947B5 /* SamplesViewController.m in Sources */ = {isa = PBXBuildFile; fileRef = D7F822BD18B199450017548F /* SamplesViewController.m */; };
		D0655A0718B209CB008947B5 /* libsqlite3.dylib in Frameworks */ = {isa = PBXBuildFile; fileRef = D72405E118A6010000EA2DD2 /* libsqlite3.dylib */; };
		D08631A118AC5ACB007A8DAA /* Transaction.m in Sources */ = {isa = PBXBuildFile; fileRef = D08631A018AC5ACB007A8DAA /* Transaction.m */; };
		D08631A518AC61BA007A8DAA /* TransactionStore.m in Sources */ = {isa = PBXBuildFile; fileRef = D08631A418AC61BA007A8DAA /* TransactionStore.m */; };
		D09C7E9818B1A72A001B98AF /* SimpleDBUtils.m in Sources */ = {isa = PBXBuildFile; fileRef = D09C7E9718B1A72A001B98AF /* SimpleDBUtils.m */; };
		D09C7E9A18B1ABFE001B98AF /* SimpleDBUtilsTests.m in Sources */ = {isa = PBXBuildFile; fileRef = D09C7E9918B1ABFE001B98AF /* SimpleDBUtilsTests.m */; };
		D0C2196E18AAF73500DF9CB7 /* TransactionConstants.m in Sources */ = {isa = PBXBuildFile; fileRef = D0C2196D18AAF73500DF9CB7 /* TransactionConstants.m */; };
		D0C9F1E718AEF5E800885DB4 /* SimpleDBLibraryObjectStoreTests.m in Sources */ = {isa = PBXBuildFile; fileRef = D0C9F1E618AEF5E800885DB4 /* SimpleDBLibraryObjectStoreTests.m */; };
		D704E1A718B15C5B00170B7E /* ProcedureTagDecoder.m in Sources */ = {isa = PBXBuildFile; fileRef = D704E1A618B15C5B00170B7E /* ProcedureTagDecoder.m */; };
		D704E1A918B162CE00170B7E /* ProcedureNameConstantsTests.m in Sources */ = {isa = PBXBuildFile; fileRef = D704E1A818B162CE00170B7E /* ProcedureNameConstantsTests.m */; };
		D704E1AB18B1654200170B7E /* ProcedureTagDecoderTests.m in Sources */ = {isa = PBXBuildFile; fileRef = D704E1AA18B1654200170B7E /* ProcedureTagDecoderTests.m */; };
		D704E1AE18B16C4700170B7E /* Procedures.m in Sources */ = {isa = PBXBuildFile; fileRef = D704E1AD18B16C4700170B7E /* Procedures.m */; };
		D704E1B018B16F6200170B7E /* ProceduresTests.m in Sources */ = {isa = PBXBuildFile; fileRef = D704E1AF18B16F6200170B7E /* ProceduresTests.m */; };
		D706DDB218B0AC9D0023D2BF /* ProcedureNameConstants.m in Sources */ = {isa = PBXBuildFile; fileRef = D706DDB118B0AC9D0023D2BF /* ProcedureNameConstants.m */; };
		D706DDB518B0BB310023D2BF /* PrimitiveProcedures.m in Sources */ = {isa = PBXBuildFile; fileRef = D706DDB418B0BB310023D2BF /* PrimitiveProcedures.m */; };
		D706DDB818B0C8EF0023D2BF /* PrimitiveProcedureTests.m in Sources */ = {isa = PBXBuildFile; fileRef = D706DDB718B0C8EF0023D2BF /* PrimitiveProcedureTests.m */; };
		D72405DE18A600B300EA2DD2 /* AWSiOSSDK.framework in Frameworks */ = {isa = PBXBuildFile; fileRef = D72405DD18A600B300EA2DD2 /* AWSiOSSDK.framework */; };
		D72405E218A6010000EA2DD2 /* libsqlite3.dylib in Frameworks */ = {isa = PBXBuildFile; fileRef = D72405E118A6010000EA2DD2 /* libsqlite3.dylib */; };
		D72405E418A6010E00EA2DD2 /* CFNetwork.framework in Frameworks */ = {isa = PBXBuildFile; fileRef = D72405E318A6010E00EA2DD2 /* CFNetwork.framework */; };
		D72405EB18A601ED00EA2DD2 /* LocalLibraryObjectStoreTests.m in Sources */ = {isa = PBXBuildFile; fileRef = D72405EA18A601ED00EA2DD2 /* LocalLibraryObjectStoreTests.m */; };
		D72405F218A6022500EA2DD2 /* AbstractImageStoreTests.m in Sources */ = {isa = PBXBuildFile; fileRef = D72405F118A6022500EA2DD2 /* AbstractImageStoreTests.m */; };
		D72405F618A6023B00EA2DD2 /* big_test_image_4096-4096.jpg in Resources */ = {isa = PBXBuildFile; fileRef = D72405F418A6023B00EA2DD2 /* big_test_image_4096-4096.jpg */; };
		D72405F718A6023B00EA2DD2 /* LocalImageStoreTests.m in Sources */ = {isa = PBXBuildFile; fileRef = D72405F518A6023B00EA2DD2 /* LocalImageStoreTests.m */; };
		D72405FC18A6024900EA2DD2 /* UNIT_TEST_UPLOAD_IMAGE_16x16.jpg in Resources */ = {isa = PBXBuildFile; fileRef = D72405F918A6024900EA2DD2 /* UNIT_TEST_UPLOAD_IMAGE_16x16.jpg */; };
		D72405FD18A6024900EA2DD2 /* S3ImageStoreTests.m in Sources */ = {isa = PBXBuildFile; fileRef = D72405FA18A6024900EA2DD2 /* S3ImageStoreTests.m */; };
		D72405FE18A6024900EA2DD2 /* S3UtilsTests.m in Sources */ = {isa = PBXBuildFile; fileRef = D72405FB18A6024900EA2DD2 /* S3UtilsTests.m */; };
		D724060118A6026900EA2DD2 /* LocalTransactionCacheTests.m in Sources */ = {isa = PBXBuildFile; fileRef = D724060018A6026900EA2DD2 /* LocalTransactionCacheTests.m */; };
		D724060418A6027A00EA2DD2 /* OriginalSampleConstantsTests.m in Sources */ = {isa = PBXBuildFile; fileRef = D724060318A6027A00EA2DD2 /* OriginalSampleConstantsTests.m */; };
		D724060618A6028300EA2DD2 /* SimpleDBExample.m in Sources */ = {isa = PBXBuildFile; fileRef = D724060518A6028300EA2DD2 /* SimpleDBExample.m */; };
		D724060718A602DF00EA2DD2 /* AWSiOSSDK.framework in Frameworks */ = {isa = PBXBuildFile; fileRef = D72405DD18A600B300EA2DD2 /* AWSiOSSDK.framework */; };
		D7272DF618A60660003860E2 /* SourcesViewController.m in Sources */ = {isa = PBXBuildFile; fileRef = D7272DF418A60660003860E2 /* SourcesViewController.m */; };
		D7272DF718A60660003860E2 /* SourcesViewController.xib in Resources */ = {isa = PBXBuildFile; fileRef = D7272DF518A60660003860E2 /* SourcesViewController.xib */; };
		D7439E0F18A5FC53000EE008 /* Cocoa.framework in Frameworks */ = {isa = PBXBuildFile; fileRef = D7439E0E18A5FC53000EE008 /* Cocoa.framework */; };
		D7439E1918A5FC53000EE008 /* InfoPlist.strings in Resources */ = {isa = PBXBuildFile; fileRef = D7439E1718A5FC53000EE008 /* InfoPlist.strings */; };
		D7439E1B18A5FC53000EE008 /* main.m in Sources */ = {isa = PBXBuildFile; fileRef = D7439E1A18A5FC53000EE008 /* main.m */; };
		D7439E1F18A5FC53000EE008 /* Credits.rtf in Resources */ = {isa = PBXBuildFile; fileRef = D7439E1D18A5FC53000EE008 /* Credits.rtf */; };
		D7439E2218A5FC53000EE008 /* AppDelegate.m in Sources */ = {isa = PBXBuildFile; fileRef = D7439E2118A5FC53000EE008 /* AppDelegate.m */; };
		D7439E2518A5FC53000EE008 /* MainMenu.xib in Resources */ = {isa = PBXBuildFile; fileRef = D7439E2318A5FC53000EE008 /* MainMenu.xib */; };
		D7439E2718A5FC53000EE008 /* Images.xcassets in Resources */ = {isa = PBXBuildFile; fileRef = D7439E2618A5FC53000EE008 /* Images.xcassets */; };
		D7439E2E18A5FC53000EE008 /* XCTest.framework in Frameworks */ = {isa = PBXBuildFile; fileRef = D7439E2D18A5FC53000EE008 /* XCTest.framework */; };
		D7439E2F18A5FC53000EE008 /* Cocoa.framework in Frameworks */ = {isa = PBXBuildFile; fileRef = D7439E0E18A5FC53000EE008 /* Cocoa.framework */; };
		D7439E3718A5FC53000EE008 /* InfoPlist.strings in Resources */ = {isa = PBXBuildFile; fileRef = D7439E3518A5FC53000EE008 /* InfoPlist.strings */; };
		D7439E3918A5FC53000EE008 /* ProjectCrystalBlueOSXTests.m in Sources */ = {isa = PBXBuildFile; fileRef = D7439E3818A5FC53000EE008 /* ProjectCrystalBlueOSXTests.m */; };
		D770578518AD7CC100F011E5 /* EditSourceViewController.m in Sources */ = {isa = PBXBuildFile; fileRef = D770578318AD7CC100F011E5 /* EditSourceViewController.m */; };
		D770578618AD7CC100F011E5 /* EditSourceViewController.xib in Resources */ = {isa = PBXBuildFile; fileRef = D770578418AD7CC100F011E5 /* EditSourceViewController.xib */; };
		D78ACC3B18A5FDC0006084D6 /* FMDatabase.m in Sources */ = {isa = PBXBuildFile; fileRef = D78ACC3218A5FDC0006084D6 /* FMDatabase.m */; };
		D78ACC3C18A5FDC0006084D6 /* FMDatabaseAdditions.m in Sources */ = {isa = PBXBuildFile; fileRef = D78ACC3418A5FDC0006084D6 /* FMDatabaseAdditions.m */; };
		D78ACC3D18A5FDC0006084D6 /* FMDatabasePool.m in Sources */ = {isa = PBXBuildFile; fileRef = D78ACC3618A5FDC0006084D6 /* FMDatabasePool.m */; };
		D78ACC3E18A5FDC0006084D6 /* FMDatabaseQueue.m in Sources */ = {isa = PBXBuildFile; fileRef = D78ACC3818A5FDC0006084D6 /* FMDatabaseQueue.m */; };
		D78ACC3F18A5FDC0006084D6 /* FMResultSet.m in Sources */ = {isa = PBXBuildFile; fileRef = D78ACC3A18A5FDC0006084D6 /* FMResultSet.m */; };
		D78ACC4918A5FDD9006084D6 /* DDFileLogger.m in Sources */ = {isa = PBXBuildFile; fileRef = D78ACC4218A5FDD9006084D6 /* DDFileLogger.m */; };
		D78ACC4A18A5FDD9006084D6 /* DDTTYLogger.m in Sources */ = {isa = PBXBuildFile; fileRef = D78ACC4418A5FDD9006084D6 /* DDTTYLogger.m */; };
		D78ACC4B18A5FDD9006084D6 /* DDASLLogger.m in Sources */ = {isa = PBXBuildFile; fileRef = D78ACC4618A5FDD9006084D6 /* DDASLLogger.m */; };
		D78ACC4C18A5FDD9006084D6 /* DDLog.m in Sources */ = {isa = PBXBuildFile; fileRef = D78ACC4818A5FDD9006084D6 /* DDLog.m */; };
		D78ACC5218A5FDE9006084D6 /* ImageUtils.m in Sources */ = {isa = PBXBuildFile; fileRef = D78ACC5018A5FDE9006084D6 /* ImageUtils.m */; };
		D78ACC5518A5FDFD006084D6 /* LocalTransactionCache.m in Sources */ = {isa = PBXBuildFile; fileRef = D78ACC5418A5FDFD006084D6 /* LocalTransactionCache.m */; };
		D78ACC5F18A5FE13006084D6 /* LocalImageStore.m in Sources */ = {isa = PBXBuildFile; fileRef = D78ACC5E18A5FE13006084D6 /* LocalImageStore.m */; };
		D78ACC6518A5FE21006084D6 /* AbstractImageStore.m in Sources */ = {isa = PBXBuildFile; fileRef = D78ACC6218A5FE21006084D6 /* AbstractImageStore.m */; };
		D78ACC6618A5FE21006084D6 /* AbstractCloudImageStore.m in Sources */ = {isa = PBXBuildFile; fileRef = D78ACC6418A5FE21006084D6 /* AbstractCloudImageStore.m */; };
		D78ACC6E18A5FE2E006084D6 /* S3ImageStore.m in Sources */ = {isa = PBXBuildFile; fileRef = D78ACC6918A5FE2E006084D6 /* S3ImageStore.m */; };
		D78ACC6F18A5FE2E006084D6 /* S3Utils.m in Sources */ = {isa = PBXBuildFile; fileRef = D78ACC6B18A5FE2E006084D6 /* S3Utils.m */; };
		D78ACC7018A5FE2E006084D6 /* HardcodedCredentialsProvider.m in Sources */ = {isa = PBXBuildFile; fileRef = D78ACC6D18A5FE2E006084D6 /* HardcodedCredentialsProvider.m */; };
		D78ACC7318A5FE44006084D6 /* no_image.png in Resources */ = {isa = PBXBuildFile; fileRef = D78ACC7218A5FE44006084D6 /* no_image.png */; };
		D78ACC7718A5FE68006084D6 /* LocalLibraryObjectStore.m in Sources */ = {isa = PBXBuildFile; fileRef = D78ACC7618A5FE68006084D6 /* LocalLibraryObjectStore.m */; };
		D78ACC7E18A5FE7C006084D6 /* AbstractLibraryObjectStore.m in Sources */ = {isa = PBXBuildFile; fileRef = D78ACC7B18A5FE7C006084D6 /* AbstractLibraryObjectStore.m */; };
		D78ACC7F18A5FE7C006084D6 /* AbstractCloudLibraryObjectStore.m in Sources */ = {isa = PBXBuildFile; fileRef = D78ACC7D18A5FE7C006084D6 /* AbstractCloudLibraryObjectStore.m */; };
		D78ACC8518A5FE8E006084D6 /* SimpleDBLibraryObjectStore.m in Sources */ = {isa = PBXBuildFile; fileRef = D78ACC8218A5FE8E006084D6 /* SimpleDBLibraryObjectStore.m */; };
		D78ACC9818A5FEB6006084D6 /* LibraryObject.m in Sources */ = {isa = PBXBuildFile; fileRef = D78ACC8F18A5FEB6006084D6 /* LibraryObject.m */; };
		D78ACC9918A5FEB6006084D6 /* Source.m in Sources */ = {isa = PBXBuildFile; fileRef = D78ACC9118A5FEB6006084D6 /* Source.m */; };
		D78ACC9A18A5FEB6006084D6 /* Sample.m in Sources */ = {isa = PBXBuildFile; fileRef = D78ACC9318A5FEB6006084D6 /* Sample.m */; };
		D78ACC9B18A5FEB6006084D6 /* SourceConstants.m in Sources */ = {isa = PBXBuildFile; fileRef = D78ACC9518A5FEB6006084D6 /* SourceConstants.m */; };
		D78ACC9C18A5FEB6006084D6 /* SampleConstants.m in Sources */ = {isa = PBXBuildFile; fileRef = D78ACC9718A5FEB6006084D6 /* SampleConstants.m */; };
		D7EA0B8E18A84B14003D74BA /* AddNewSourceViewController.m in Sources */ = {isa = PBXBuildFile; fileRef = D7EA0B8C18A84B14003D74BA /* AddNewSourceViewController.m */; };
		D7EA0B8F18A84B14003D74BA /* AddNewSourceViewController.xib in Resources */ = {isa = PBXBuildFile; fileRef = D7EA0B8D18A84B14003D74BA /* AddNewSourceViewController.xib */; };
		D7F822C018B199450017548F /* SamplesViewController.xib in Resources */ = {isa = PBXBuildFile; fileRef = D7F822BE18B199450017548F /* SamplesViewController.xib */; };
/* End PBXBuildFile section */

/* Begin PBXContainerItemProxy section */
		D7439E3018A5FC53000EE008 /* PBXContainerItemProxy */ = {
			isa = PBXContainerItemProxy;
			containerPortal = D7439E0318A5FC53000EE008 /* Project object */;
			proxyType = 1;
			remoteGlobalIDString = D7439E0A18A5FC53000EE008;
			remoteInfo = ProjectCrystalBlueOSX;
		};
/* End PBXContainerItemProxy section */

/* Begin PBXFileReference section */
		03AE34D918B1B991006AD856 /* libqrencode.3.dylib */ = {isa = PBXFileReference; lastKnownFileType = "compiled.mach-o.dylib"; name = libqrencode.3.dylib; path = include/libqrencode.3.dylib; sourceTree = "<group>"; };
		D024A0D618ADA07600B577E4 /* TransactionStoreTests.m */ = {isa = PBXFileReference; fileEncoding = 4; lastKnownFileType = sourcecode.c.objc; path = TransactionStoreTests.m; sourceTree = "<group>"; };
		D086319F18AC5ACB007A8DAA /* Transaction.h */ = {isa = PBXFileReference; fileEncoding = 4; lastKnownFileType = sourcecode.c.h; path = Transaction.h; sourceTree = "<group>"; };
		D08631A018AC5ACB007A8DAA /* Transaction.m */ = {isa = PBXFileReference; fileEncoding = 4; lastKnownFileType = sourcecode.c.objc; path = Transaction.m; sourceTree = "<group>"; };
		D08631A318AC61BA007A8DAA /* TransactionStore.h */ = {isa = PBXFileReference; fileEncoding = 4; lastKnownFileType = sourcecode.c.h; path = TransactionStore.h; sourceTree = "<group>"; };
		D08631A418AC61BA007A8DAA /* TransactionStore.m */ = {isa = PBXFileReference; fileEncoding = 4; lastKnownFileType = sourcecode.c.objc; path = TransactionStore.m; sourceTree = "<group>"; };
		D09C7E9618B1A72A001B98AF /* SimpleDBUtils.h */ = {isa = PBXFileReference; fileEncoding = 4; lastKnownFileType = sourcecode.c.h; path = SimpleDBUtils.h; sourceTree = "<group>"; };
		D09C7E9718B1A72A001B98AF /* SimpleDBUtils.m */ = {isa = PBXFileReference; fileEncoding = 4; lastKnownFileType = sourcecode.c.objc; path = SimpleDBUtils.m; sourceTree = "<group>"; };
		D09C7E9918B1ABFE001B98AF /* SimpleDBUtilsTests.m */ = {isa = PBXFileReference; fileEncoding = 4; lastKnownFileType = sourcecode.c.objc; path = SimpleDBUtilsTests.m; sourceTree = "<group>"; };
		D0C2196C18AAF73500DF9CB7 /* TransactionConstants.h */ = {isa = PBXFileReference; fileEncoding = 4; lastKnownFileType = sourcecode.c.h; path = TransactionConstants.h; sourceTree = "<group>"; };
		D0C2196D18AAF73500DF9CB7 /* TransactionConstants.m */ = {isa = PBXFileReference; fileEncoding = 4; lastKnownFileType = sourcecode.c.objc; path = TransactionConstants.m; sourceTree = "<group>"; };
		D0C9F1E618AEF5E800885DB4 /* SimpleDBLibraryObjectStoreTests.m */ = {isa = PBXFileReference; fileEncoding = 4; lastKnownFileType = sourcecode.c.objc; path = SimpleDBLibraryObjectStoreTests.m; sourceTree = "<group>"; };
		D704E1A518B15C5B00170B7E /* ProcedureTagDecoder.h */ = {isa = PBXFileReference; fileEncoding = 4; lastKnownFileType = sourcecode.c.h; path = ProcedureTagDecoder.h; sourceTree = "<group>"; };
		D704E1A618B15C5B00170B7E /* ProcedureTagDecoder.m */ = {isa = PBXFileReference; fileEncoding = 4; lastKnownFileType = sourcecode.c.objc; path = ProcedureTagDecoder.m; sourceTree = "<group>"; };
		D704E1A818B162CE00170B7E /* ProcedureNameConstantsTests.m */ = {isa = PBXFileReference; fileEncoding = 4; lastKnownFileType = sourcecode.c.objc; path = ProcedureNameConstantsTests.m; sourceTree = "<group>"; };
		D704E1AA18B1654200170B7E /* ProcedureTagDecoderTests.m */ = {isa = PBXFileReference; fileEncoding = 4; lastKnownFileType = sourcecode.c.objc; path = ProcedureTagDecoderTests.m; sourceTree = "<group>"; };
		D704E1AC18B16C4700170B7E /* Procedures.h */ = {isa = PBXFileReference; fileEncoding = 4; lastKnownFileType = sourcecode.c.h; path = Procedures.h; sourceTree = "<group>"; };
		D704E1AD18B16C4700170B7E /* Procedures.m */ = {isa = PBXFileReference; fileEncoding = 4; lastKnownFileType = sourcecode.c.objc; path = Procedures.m; sourceTree = "<group>"; };
		D704E1AF18B16F6200170B7E /* ProceduresTests.m */ = {isa = PBXFileReference; fileEncoding = 4; lastKnownFileType = sourcecode.c.objc; path = ProceduresTests.m; sourceTree = "<group>"; };
		D706DDB018B0AC9D0023D2BF /* ProcedureNameConstants.h */ = {isa = PBXFileReference; fileEncoding = 4; lastKnownFileType = sourcecode.c.h; path = ProcedureNameConstants.h; sourceTree = "<group>"; };
		D706DDB118B0AC9D0023D2BF /* ProcedureNameConstants.m */ = {isa = PBXFileReference; fileEncoding = 4; lastKnownFileType = sourcecode.c.objc; path = ProcedureNameConstants.m; sourceTree = "<group>"; };
		D706DDB318B0BB310023D2BF /* PrimitiveProcedures.h */ = {isa = PBXFileReference; fileEncoding = 4; lastKnownFileType = sourcecode.c.h; path = PrimitiveProcedures.h; sourceTree = "<group>"; };
		D706DDB418B0BB310023D2BF /* PrimitiveProcedures.m */ = {isa = PBXFileReference; fileEncoding = 4; lastKnownFileType = sourcecode.c.objc; path = PrimitiveProcedures.m; sourceTree = "<group>"; };
		D706DDB718B0C8EF0023D2BF /* PrimitiveProcedureTests.m */ = {isa = PBXFileReference; fileEncoding = 4; lastKnownFileType = sourcecode.c.objc; path = PrimitiveProcedureTests.m; sourceTree = "<group>"; };
		D72405DD18A600B300EA2DD2 /* AWSiOSSDK.framework */ = {isa = PBXFileReference; lastKnownFileType = wrapper.framework; name = AWSiOSSDK.framework; path = include/AWSiOSSDK.framework; sourceTree = "<group>"; };
		D72405E118A6010000EA2DD2 /* libsqlite3.dylib */ = {isa = PBXFileReference; lastKnownFileType = "compiled.mach-o.dylib"; name = libsqlite3.dylib; path = usr/lib/libsqlite3.dylib; sourceTree = SDKROOT; };
		D72405E318A6010E00EA2DD2 /* CFNetwork.framework */ = {isa = PBXFileReference; lastKnownFileType = wrapper.framework; name = CFNetwork.framework; path = System/Library/Frameworks/CFNetwork.framework; sourceTree = SDKROOT; };
		D72405EA18A601ED00EA2DD2 /* LocalLibraryObjectStoreTests.m */ = {isa = PBXFileReference; fileEncoding = 4; lastKnownFileType = sourcecode.c.objc; path = LocalLibraryObjectStoreTests.m; sourceTree = "<group>"; };
		D72405F118A6022500EA2DD2 /* AbstractImageStoreTests.m */ = {isa = PBXFileReference; fileEncoding = 4; lastKnownFileType = sourcecode.c.objc; path = AbstractImageStoreTests.m; sourceTree = "<group>"; };
		D72405F418A6023B00EA2DD2 /* big_test_image_4096-4096.jpg */ = {isa = PBXFileReference; lastKnownFileType = image.jpeg; path = "big_test_image_4096-4096.jpg"; sourceTree = "<group>"; };
		D72405F518A6023B00EA2DD2 /* LocalImageStoreTests.m */ = {isa = PBXFileReference; fileEncoding = 4; lastKnownFileType = sourcecode.c.objc; path = LocalImageStoreTests.m; sourceTree = "<group>"; };
		D72405F918A6024900EA2DD2 /* UNIT_TEST_UPLOAD_IMAGE_16x16.jpg */ = {isa = PBXFileReference; lastKnownFileType = image.jpeg; path = UNIT_TEST_UPLOAD_IMAGE_16x16.jpg; sourceTree = "<group>"; };
		D72405FA18A6024900EA2DD2 /* S3ImageStoreTests.m */ = {isa = PBXFileReference; fileEncoding = 4; lastKnownFileType = sourcecode.c.objc; path = S3ImageStoreTests.m; sourceTree = "<group>"; };
		D72405FB18A6024900EA2DD2 /* S3UtilsTests.m */ = {isa = PBXFileReference; fileEncoding = 4; lastKnownFileType = sourcecode.c.objc; path = S3UtilsTests.m; sourceTree = "<group>"; };
		D724060018A6026900EA2DD2 /* LocalTransactionCacheTests.m */ = {isa = PBXFileReference; fileEncoding = 4; lastKnownFileType = sourcecode.c.objc; path = LocalTransactionCacheTests.m; sourceTree = "<group>"; };
		D724060318A6027A00EA2DD2 /* OriginalSampleConstantsTests.m */ = {isa = PBXFileReference; fileEncoding = 4; lastKnownFileType = sourcecode.c.objc; path = OriginalSampleConstantsTests.m; sourceTree = "<group>"; };
		D724060518A6028300EA2DD2 /* SimpleDBExample.m */ = {isa = PBXFileReference; fileEncoding = 4; lastKnownFileType = sourcecode.c.objc; path = SimpleDBExample.m; sourceTree = "<group>"; };
		D7272DF318A60660003860E2 /* SourcesViewController.h */ = {isa = PBXFileReference; fileEncoding = 4; lastKnownFileType = sourcecode.c.h; path = SourcesViewController.h; sourceTree = "<group>"; };
		D7272DF418A60660003860E2 /* SourcesViewController.m */ = {isa = PBXFileReference; fileEncoding = 4; lastKnownFileType = sourcecode.c.objc; path = SourcesViewController.m; sourceTree = "<group>"; };
		D7272DF518A60660003860E2 /* SourcesViewController.xib */ = {isa = PBXFileReference; fileEncoding = 4; lastKnownFileType = file.xib; path = SourcesViewController.xib; sourceTree = "<group>"; };
		D7439E0B18A5FC53000EE008 /* ProjectCrystalBlueOSX.app */ = {isa = PBXFileReference; explicitFileType = wrapper.application; includeInIndex = 0; path = ProjectCrystalBlueOSX.app; sourceTree = BUILT_PRODUCTS_DIR; };
		D7439E0E18A5FC53000EE008 /* Cocoa.framework */ = {isa = PBXFileReference; lastKnownFileType = wrapper.framework; name = Cocoa.framework; path = System/Library/Frameworks/Cocoa.framework; sourceTree = SDKROOT; };
		D7439E1118A5FC53000EE008 /* AppKit.framework */ = {isa = PBXFileReference; lastKnownFileType = wrapper.framework; name = AppKit.framework; path = System/Library/Frameworks/AppKit.framework; sourceTree = SDKROOT; };
		D7439E1218A5FC53000EE008 /* CoreData.framework */ = {isa = PBXFileReference; lastKnownFileType = wrapper.framework; name = CoreData.framework; path = System/Library/Frameworks/CoreData.framework; sourceTree = SDKROOT; };
		D7439E1318A5FC53000EE008 /* Foundation.framework */ = {isa = PBXFileReference; lastKnownFileType = wrapper.framework; name = Foundation.framework; path = System/Library/Frameworks/Foundation.framework; sourceTree = SDKROOT; };
		D7439E1618A5FC53000EE008 /* ProjectCrystalBlueOSX-Info.plist */ = {isa = PBXFileReference; lastKnownFileType = text.plist.xml; path = "ProjectCrystalBlueOSX-Info.plist"; sourceTree = "<group>"; };
		D7439E1818A5FC53000EE008 /* en */ = {isa = PBXFileReference; lastKnownFileType = text.plist.strings; name = en; path = en.lproj/InfoPlist.strings; sourceTree = "<group>"; };
		D7439E1A18A5FC53000EE008 /* main.m */ = {isa = PBXFileReference; lastKnownFileType = sourcecode.c.objc; path = main.m; sourceTree = "<group>"; };
		D7439E1C18A5FC53000EE008 /* ProjectCrystalBlueOSX-Prefix.pch */ = {isa = PBXFileReference; lastKnownFileType = sourcecode.c.h; path = "ProjectCrystalBlueOSX-Prefix.pch"; sourceTree = "<group>"; };
		D7439E1E18A5FC53000EE008 /* en */ = {isa = PBXFileReference; lastKnownFileType = text.rtf; name = en; path = en.lproj/Credits.rtf; sourceTree = "<group>"; };
		D7439E2018A5FC53000EE008 /* AppDelegate.h */ = {isa = PBXFileReference; lastKnownFileType = sourcecode.c.h; path = AppDelegate.h; sourceTree = "<group>"; };
		D7439E2118A5FC53000EE008 /* AppDelegate.m */ = {isa = PBXFileReference; lastKnownFileType = sourcecode.c.objc; path = AppDelegate.m; sourceTree = "<group>"; };
		D7439E2418A5FC53000EE008 /* Base */ = {isa = PBXFileReference; lastKnownFileType = file.xib; name = Base; path = Base.lproj/MainMenu.xib; sourceTree = "<group>"; };
		D7439E2618A5FC53000EE008 /* Images.xcassets */ = {isa = PBXFileReference; lastKnownFileType = folder.assetcatalog; path = Images.xcassets; sourceTree = "<group>"; };
		D7439E2C18A5FC53000EE008 /* ProjectCrystalBlueOSXTests.xctest */ = {isa = PBXFileReference; explicitFileType = wrapper.cfbundle; includeInIndex = 0; path = ProjectCrystalBlueOSXTests.xctest; sourceTree = BUILT_PRODUCTS_DIR; };
		D7439E2D18A5FC53000EE008 /* XCTest.framework */ = {isa = PBXFileReference; lastKnownFileType = wrapper.framework; name = XCTest.framework; path = Library/Frameworks/XCTest.framework; sourceTree = DEVELOPER_DIR; };
		D7439E3418A5FC53000EE008 /* ProjectCrystalBlueOSXTests-Info.plist */ = {isa = PBXFileReference; lastKnownFileType = text.plist.xml; path = "ProjectCrystalBlueOSXTests-Info.plist"; sourceTree = "<group>"; };
		D7439E3618A5FC53000EE008 /* en */ = {isa = PBXFileReference; lastKnownFileType = text.plist.strings; name = en; path = en.lproj/InfoPlist.strings; sourceTree = "<group>"; };
		D7439E3818A5FC53000EE008 /* ProjectCrystalBlueOSXTests.m */ = {isa = PBXFileReference; lastKnownFileType = sourcecode.c.objc; path = ProjectCrystalBlueOSXTests.m; sourceTree = "<group>"; };
		D770578218AD7CC100F011E5 /* EditSourceViewController.h */ = {isa = PBXFileReference; fileEncoding = 4; lastKnownFileType = sourcecode.c.h; path = EditSourceViewController.h; sourceTree = "<group>"; };
		D770578318AD7CC100F011E5 /* EditSourceViewController.m */ = {isa = PBXFileReference; fileEncoding = 4; lastKnownFileType = sourcecode.c.objc; path = EditSourceViewController.m; sourceTree = "<group>"; };
		D770578418AD7CC100F011E5 /* EditSourceViewController.xib */ = {isa = PBXFileReference; fileEncoding = 4; lastKnownFileType = file.xib; path = EditSourceViewController.xib; sourceTree = "<group>"; };
		D78ACC3118A5FDC0006084D6 /* FMDatabase.h */ = {isa = PBXFileReference; fileEncoding = 4; lastKnownFileType = sourcecode.c.h; path = FMDatabase.h; sourceTree = "<group>"; };
		D78ACC3218A5FDC0006084D6 /* FMDatabase.m */ = {isa = PBXFileReference; fileEncoding = 4; lastKnownFileType = sourcecode.c.objc; path = FMDatabase.m; sourceTree = "<group>"; };
		D78ACC3318A5FDC0006084D6 /* FMDatabaseAdditions.h */ = {isa = PBXFileReference; fileEncoding = 4; lastKnownFileType = sourcecode.c.h; path = FMDatabaseAdditions.h; sourceTree = "<group>"; };
		D78ACC3418A5FDC0006084D6 /* FMDatabaseAdditions.m */ = {isa = PBXFileReference; fileEncoding = 4; lastKnownFileType = sourcecode.c.objc; path = FMDatabaseAdditions.m; sourceTree = "<group>"; };
		D78ACC3518A5FDC0006084D6 /* FMDatabasePool.h */ = {isa = PBXFileReference; fileEncoding = 4; lastKnownFileType = sourcecode.c.h; path = FMDatabasePool.h; sourceTree = "<group>"; };
		D78ACC3618A5FDC0006084D6 /* FMDatabasePool.m */ = {isa = PBXFileReference; fileEncoding = 4; lastKnownFileType = sourcecode.c.objc; path = FMDatabasePool.m; sourceTree = "<group>"; };
		D78ACC3718A5FDC0006084D6 /* FMDatabaseQueue.h */ = {isa = PBXFileReference; fileEncoding = 4; lastKnownFileType = sourcecode.c.h; path = FMDatabaseQueue.h; sourceTree = "<group>"; };
		D78ACC3818A5FDC0006084D6 /* FMDatabaseQueue.m */ = {isa = PBXFileReference; fileEncoding = 4; lastKnownFileType = sourcecode.c.objc; path = FMDatabaseQueue.m; sourceTree = "<group>"; };
		D78ACC3918A5FDC0006084D6 /* FMResultSet.h */ = {isa = PBXFileReference; fileEncoding = 4; lastKnownFileType = sourcecode.c.h; path = FMResultSet.h; sourceTree = "<group>"; };
		D78ACC3A18A5FDC0006084D6 /* FMResultSet.m */ = {isa = PBXFileReference; fileEncoding = 4; lastKnownFileType = sourcecode.c.objc; path = FMResultSet.m; sourceTree = "<group>"; };
		D78ACC4118A5FDD9006084D6 /* DDFileLogger.h */ = {isa = PBXFileReference; fileEncoding = 4; lastKnownFileType = sourcecode.c.h; path = DDFileLogger.h; sourceTree = "<group>"; };
		D78ACC4218A5FDD9006084D6 /* DDFileLogger.m */ = {isa = PBXFileReference; fileEncoding = 4; lastKnownFileType = sourcecode.c.objc; path = DDFileLogger.m; sourceTree = "<group>"; };
		D78ACC4318A5FDD9006084D6 /* DDTTYLogger.h */ = {isa = PBXFileReference; fileEncoding = 4; lastKnownFileType = sourcecode.c.h; path = DDTTYLogger.h; sourceTree = "<group>"; };
		D78ACC4418A5FDD9006084D6 /* DDTTYLogger.m */ = {isa = PBXFileReference; fileEncoding = 4; lastKnownFileType = sourcecode.c.objc; path = DDTTYLogger.m; sourceTree = "<group>"; };
		D78ACC4518A5FDD9006084D6 /* DDASLLogger.h */ = {isa = PBXFileReference; fileEncoding = 4; lastKnownFileType = sourcecode.c.h; path = DDASLLogger.h; sourceTree = "<group>"; };
		D78ACC4618A5FDD9006084D6 /* DDASLLogger.m */ = {isa = PBXFileReference; fileEncoding = 4; lastKnownFileType = sourcecode.c.objc; path = DDASLLogger.m; sourceTree = "<group>"; };
		D78ACC4718A5FDD9006084D6 /* DDLog.h */ = {isa = PBXFileReference; fileEncoding = 4; lastKnownFileType = sourcecode.c.h; path = DDLog.h; sourceTree = "<group>"; };
		D78ACC4818A5FDD9006084D6 /* DDLog.m */ = {isa = PBXFileReference; fileEncoding = 4; lastKnownFileType = sourcecode.c.objc; path = DDLog.m; sourceTree = "<group>"; };
		D78ACC4F18A5FDE9006084D6 /* ImageUtils.h */ = {isa = PBXFileReference; fileEncoding = 4; lastKnownFileType = sourcecode.c.h; path = ImageUtils.h; sourceTree = "<group>"; };
		D78ACC5018A5FDE9006084D6 /* ImageUtils.m */ = {isa = PBXFileReference; fileEncoding = 4; lastKnownFileType = sourcecode.c.objc; path = ImageUtils.m; sourceTree = "<group>"; };
		D78ACC5318A5FDFD006084D6 /* LocalTransactionCache.h */ = {isa = PBXFileReference; fileEncoding = 4; lastKnownFileType = sourcecode.c.h; path = LocalTransactionCache.h; sourceTree = "<group>"; };
		D78ACC5418A5FDFD006084D6 /* LocalTransactionCache.m */ = {isa = PBXFileReference; fileEncoding = 4; lastKnownFileType = sourcecode.c.objc; path = LocalTransactionCache.m; sourceTree = "<group>"; };
		D78ACC5D18A5FE13006084D6 /* LocalImageStore.h */ = {isa = PBXFileReference; fileEncoding = 4; lastKnownFileType = sourcecode.c.h; path = LocalImageStore.h; sourceTree = "<group>"; };
		D78ACC5E18A5FE13006084D6 /* LocalImageStore.m */ = {isa = PBXFileReference; fileEncoding = 4; lastKnownFileType = sourcecode.c.objc; path = LocalImageStore.m; sourceTree = "<group>"; };
		D78ACC6118A5FE21006084D6 /* AbstractImageStore.h */ = {isa = PBXFileReference; fileEncoding = 4; lastKnownFileType = sourcecode.c.h; path = AbstractImageStore.h; sourceTree = "<group>"; };
		D78ACC6218A5FE21006084D6 /* AbstractImageStore.m */ = {isa = PBXFileReference; fileEncoding = 4; lastKnownFileType = sourcecode.c.objc; path = AbstractImageStore.m; sourceTree = "<group>"; };
		D78ACC6318A5FE21006084D6 /* AbstractCloudImageStore.h */ = {isa = PBXFileReference; fileEncoding = 4; lastKnownFileType = sourcecode.c.h; path = AbstractCloudImageStore.h; sourceTree = "<group>"; };
		D78ACC6418A5FE21006084D6 /* AbstractCloudImageStore.m */ = {isa = PBXFileReference; fileEncoding = 4; lastKnownFileType = sourcecode.c.objc; path = AbstractCloudImageStore.m; sourceTree = "<group>"; };
		D78ACC6818A5FE2E006084D6 /* S3ImageStore.h */ = {isa = PBXFileReference; fileEncoding = 4; lastKnownFileType = sourcecode.c.h; path = S3ImageStore.h; sourceTree = "<group>"; };
		D78ACC6918A5FE2E006084D6 /* S3ImageStore.m */ = {isa = PBXFileReference; fileEncoding = 4; lastKnownFileType = sourcecode.c.objc; path = S3ImageStore.m; sourceTree = "<group>"; };
		D78ACC6A18A5FE2E006084D6 /* S3Utils.h */ = {isa = PBXFileReference; fileEncoding = 4; lastKnownFileType = sourcecode.c.h; path = S3Utils.h; sourceTree = "<group>"; };
		D78ACC6B18A5FE2E006084D6 /* S3Utils.m */ = {isa = PBXFileReference; fileEncoding = 4; lastKnownFileType = sourcecode.c.objc; path = S3Utils.m; sourceTree = "<group>"; };
		D78ACC6C18A5FE2E006084D6 /* HardcodedCredentialsProvider.h */ = {isa = PBXFileReference; fileEncoding = 4; lastKnownFileType = sourcecode.c.h; path = HardcodedCredentialsProvider.h; sourceTree = "<group>"; };
		D78ACC6D18A5FE2E006084D6 /* HardcodedCredentialsProvider.m */ = {isa = PBXFileReference; fileEncoding = 4; lastKnownFileType = sourcecode.c.objc; path = HardcodedCredentialsProvider.m; sourceTree = "<group>"; };
		D78ACC7218A5FE44006084D6 /* no_image.png */ = {isa = PBXFileReference; lastKnownFileType = image.png; path = no_image.png; sourceTree = "<group>"; };
		D78ACC7518A5FE68006084D6 /* LocalLibraryObjectStore.h */ = {isa = PBXFileReference; fileEncoding = 4; lastKnownFileType = sourcecode.c.h; path = LocalLibraryObjectStore.h; sourceTree = "<group>"; };
		D78ACC7618A5FE68006084D6 /* LocalLibraryObjectStore.m */ = {isa = PBXFileReference; fileEncoding = 4; lastKnownFileType = sourcecode.c.objc; path = LocalLibraryObjectStore.m; sourceTree = "<group>"; };
		D78ACC7A18A5FE7C006084D6 /* AbstractLibraryObjectStore.h */ = {isa = PBXFileReference; fileEncoding = 4; lastKnownFileType = sourcecode.c.h; path = AbstractLibraryObjectStore.h; sourceTree = "<group>"; };
		D78ACC7B18A5FE7C006084D6 /* AbstractLibraryObjectStore.m */ = {isa = PBXFileReference; fileEncoding = 4; lastKnownFileType = sourcecode.c.objc; path = AbstractLibraryObjectStore.m; sourceTree = "<group>"; };
		D78ACC7C18A5FE7C006084D6 /* AbstractCloudLibraryObjectStore.h */ = {isa = PBXFileReference; fileEncoding = 4; lastKnownFileType = sourcecode.c.h; path = AbstractCloudLibraryObjectStore.h; sourceTree = "<group>"; };
		D78ACC7D18A5FE7C006084D6 /* AbstractCloudLibraryObjectStore.m */ = {isa = PBXFileReference; fileEncoding = 4; lastKnownFileType = sourcecode.c.objc; path = AbstractCloudLibraryObjectStore.m; sourceTree = "<group>"; };
		D78ACC8118A5FE8E006084D6 /* SimpleDBLibraryObjectStore.h */ = {isa = PBXFileReference; fileEncoding = 4; lastKnownFileType = sourcecode.c.h; path = SimpleDBLibraryObjectStore.h; sourceTree = "<group>"; };
		D78ACC8218A5FE8E006084D6 /* SimpleDBLibraryObjectStore.m */ = {isa = PBXFileReference; fileEncoding = 4; lastKnownFileType = sourcecode.c.objc; path = SimpleDBLibraryObjectStore.m; sourceTree = "<group>"; };
		D78ACC8E18A5FEB6006084D6 /* LibraryObject.h */ = {isa = PBXFileReference; fileEncoding = 4; lastKnownFileType = sourcecode.c.h; path = LibraryObject.h; sourceTree = "<group>"; };
		D78ACC8F18A5FEB6006084D6 /* LibraryObject.m */ = {isa = PBXFileReference; fileEncoding = 4; lastKnownFileType = sourcecode.c.objc; path = LibraryObject.m; sourceTree = "<group>"; };
		D78ACC9018A5FEB6006084D6 /* Source.h */ = {isa = PBXFileReference; fileEncoding = 4; lastKnownFileType = sourcecode.c.h; path = Source.h; sourceTree = "<group>"; };
		D78ACC9118A5FEB6006084D6 /* Source.m */ = {isa = PBXFileReference; fileEncoding = 4; lastKnownFileType = sourcecode.c.objc; path = Source.m; sourceTree = "<group>"; };
		D78ACC9218A5FEB6006084D6 /* Sample.h */ = {isa = PBXFileReference; fileEncoding = 4; lastKnownFileType = sourcecode.c.h; path = Sample.h; sourceTree = "<group>"; };
		D78ACC9318A5FEB6006084D6 /* Sample.m */ = {isa = PBXFileReference; fileEncoding = 4; lastKnownFileType = sourcecode.c.objc; path = Sample.m; sourceTree = "<group>"; };
		D78ACC9418A5FEB6006084D6 /* SourceConstants.h */ = {isa = PBXFileReference; fileEncoding = 4; lastKnownFileType = sourcecode.c.h; path = SourceConstants.h; sourceTree = "<group>"; };
		D78ACC9518A5FEB6006084D6 /* SourceConstants.m */ = {isa = PBXFileReference; fileEncoding = 4; lastKnownFileType = sourcecode.c.objc; path = SourceConstants.m; sourceTree = "<group>"; };
		D78ACC9618A5FEB6006084D6 /* SampleConstants.h */ = {isa = PBXFileReference; fileEncoding = 4; lastKnownFileType = sourcecode.c.h; path = SampleConstants.h; sourceTree = "<group>"; };
		D78ACC9718A5FEB6006084D6 /* SampleConstants.m */ = {isa = PBXFileReference; fileEncoding = 4; lastKnownFileType = sourcecode.c.objc; path = SampleConstants.m; sourceTree = "<group>"; };
		D7EA0B8B18A84B14003D74BA /* AddNewSourceViewController.h */ = {isa = PBXFileReference; fileEncoding = 4; lastKnownFileType = sourcecode.c.h; path = AddNewSourceViewController.h; sourceTree = "<group>"; };
		D7EA0B8C18A84B14003D74BA /* AddNewSourceViewController.m */ = {isa = PBXFileReference; fileEncoding = 4; lastKnownFileType = sourcecode.c.objc; path = AddNewSourceViewController.m; sourceTree = "<group>"; };
		D7EA0B8D18A84B14003D74BA /* AddNewSourceViewController.xib */ = {isa = PBXFileReference; fileEncoding = 4; lastKnownFileType = file.xib; path = AddNewSourceViewController.xib; sourceTree = "<group>"; };
		D7F822BC18B199450017548F /* SamplesViewController.h */ = {isa = PBXFileReference; fileEncoding = 4; lastKnownFileType = sourcecode.c.h; path = SamplesViewController.h; sourceTree = "<group>"; };
		D7F822BD18B199450017548F /* SamplesViewController.m */ = {isa = PBXFileReference; fileEncoding = 4; lastKnownFileType = sourcecode.c.objc; path = SamplesViewController.m; sourceTree = "<group>"; };
		D7F822BE18B199450017548F /* SamplesViewController.xib */ = {isa = PBXFileReference; fileEncoding = 4; lastKnownFileType = file.xib; path = SamplesViewController.xib; sourceTree = "<group>"; };
/* End PBXFileReference section */

/* Begin PBXFrameworksBuildPhase section */
		D7439E0818A5FC53000EE008 /* Frameworks */ = {
			isa = PBXFrameworksBuildPhase;
			buildActionMask = 2147483647;
			files = (
				D7439E0F18A5FC53000EE008 /* Cocoa.framework in Frameworks */,
				D72405E418A6010E00EA2DD2 /* CFNetwork.framework in Frameworks */,
				D72405DE18A600B300EA2DD2 /* AWSiOSSDK.framework in Frameworks */,
				D72405E218A6010000EA2DD2 /* libsqlite3.dylib in Frameworks */,
			);
			runOnlyForDeploymentPostprocessing = 0;
		};
		D7439E2918A5FC53000EE008 /* Frameworks */ = {
			isa = PBXFrameworksBuildPhase;
			buildActionMask = 2147483647;
			files = (
				D7439E2F18A5FC53000EE008 /* Cocoa.framework in Frameworks */,
				D7439E2E18A5FC53000EE008 /* XCTest.framework in Frameworks */,
				D724060718A602DF00EA2DD2 /* AWSiOSSDK.framework in Frameworks */,
				D0655A0718B209CB008947B5 /* libsqlite3.dylib in Frameworks */,
			);
			runOnlyForDeploymentPostprocessing = 0;
		};
/* End PBXFrameworksBuildPhase section */

/* Begin PBXGroup section */
		D024A0D518ADA05100B577E4 /* TransactionStore */ = {
			isa = PBXGroup;
			children = (
				D024A0D618ADA07600B577E4 /* TransactionStoreTests.m */,
			);
			name = TransactionStore;
			sourceTree = "<group>";
		};
		D08631A218AC619D007A8DAA /* TransactionStore */ = {
			isa = PBXGroup;
			children = (
				D08631A318AC61BA007A8DAA /* TransactionStore.h */,
				D08631A418AC61BA007A8DAA /* TransactionStore.m */,
			);
			name = TransactionStore;
			sourceTree = "<group>";
		};
		D0C9F1E518AEF5CD00885DB4 /* SimpleDBLibraryObjectStore */ = {
			isa = PBXGroup;
			children = (
				D0C9F1E618AEF5E800885DB4 /* SimpleDBLibraryObjectStoreTests.m */,
				D09C7E9918B1ABFE001B98AF /* SimpleDBUtilsTests.m */,
			);
			name = SimpleDBLibraryObjectStore;
			sourceTree = "<group>";
		};
		D706DDAF18B0AC550023D2BF /* Procedure */ = {
			isa = PBXGroup;
			children = (
				D706DDB018B0AC9D0023D2BF /* ProcedureNameConstants.h */,
				D706DDB118B0AC9D0023D2BF /* ProcedureNameConstants.m */,
				D706DDB318B0BB310023D2BF /* PrimitiveProcedures.h */,
				D706DDB418B0BB310023D2BF /* PrimitiveProcedures.m */,
				D704E1A518B15C5B00170B7E /* ProcedureTagDecoder.h */,
				D704E1A618B15C5B00170B7E /* ProcedureTagDecoder.m */,
				D704E1AC18B16C4700170B7E /* Procedures.h */,
				D704E1AD18B16C4700170B7E /* Procedures.m */,
			);
			name = Procedure;
			sourceTree = "<group>";
		};
		D706DDB618B0C8DF0023D2BF /* Procedure Tests */ = {
			isa = PBXGroup;
			children = (
				D706DDB718B0C8EF0023D2BF /* PrimitiveProcedureTests.m */,
				D704E1A818B162CE00170B7E /* ProcedureNameConstantsTests.m */,
				D704E1AA18B1654200170B7E /* ProcedureTagDecoderTests.m */,
				D704E1AF18B16F6200170B7E /* ProceduresTests.m */,
			);
			name = "Procedure Tests";
			sourceTree = "<group>";
		};
		D72405E718A601CC00EA2DD2 /* Store Tests */ = {
			isa = PBXGroup;
			children = (
				D024A0D518ADA05100B577E4 /* TransactionStore */,
				D72405E818A601D600EA2DD2 /* LibraryObjectStore */,
				D72405EF18A6020D00EA2DD2 /* ImageStore */,
				D72405FF18A6025600EA2DD2 /* LocalTransactionCache */,
			);
			name = "Store Tests";
			sourceTree = "<group>";
		};
		D72405E818A601D600EA2DD2 /* LibraryObjectStore */ = {
			isa = PBXGroup;
			children = (
				D0C9F1E518AEF5CD00885DB4 /* SimpleDBLibraryObjectStore */,
				D72405E918A601E200EA2DD2 /* LocalLibraryObjectStore */,
			);
			name = LibraryObjectStore;
			sourceTree = "<group>";
		};
		D72405E918A601E200EA2DD2 /* LocalLibraryObjectStore */ = {
			isa = PBXGroup;
			children = (
				D72405EA18A601ED00EA2DD2 /* LocalLibraryObjectStoreTests.m */,
			);
			name = LocalLibraryObjectStore;
			sourceTree = "<group>";
		};
		D72405EF18A6020D00EA2DD2 /* ImageStore */ = {
			isa = PBXGroup;
			children = (
				D72405F818A6023F00EA2DD2 /* S3ImageStore */,
				D72405F318A6022900EA2DD2 /* LocalImageStore */,
				D72405F018A6021C00EA2DD2 /* AbstractImageStore */,
			);
			name = ImageStore;
			sourceTree = "<group>";
		};
		D72405F018A6021C00EA2DD2 /* AbstractImageStore */ = {
			isa = PBXGroup;
			children = (
				D72405F118A6022500EA2DD2 /* AbstractImageStoreTests.m */,
			);
			name = AbstractImageStore;
			sourceTree = "<group>";
		};
		D72405F318A6022900EA2DD2 /* LocalImageStore */ = {
			isa = PBXGroup;
			children = (
				D72405F418A6023B00EA2DD2 /* big_test_image_4096-4096.jpg */,
				D72405F518A6023B00EA2DD2 /* LocalImageStoreTests.m */,
			);
			name = LocalImageStore;
			sourceTree = "<group>";
		};
		D72405F818A6023F00EA2DD2 /* S3ImageStore */ = {
			isa = PBXGroup;
			children = (
				D72405F918A6024900EA2DD2 /* UNIT_TEST_UPLOAD_IMAGE_16x16.jpg */,
				D72405FA18A6024900EA2DD2 /* S3ImageStoreTests.m */,
				D72405FB18A6024900EA2DD2 /* S3UtilsTests.m */,
			);
			name = S3ImageStore;
			sourceTree = "<group>";
		};
		D72405FF18A6025600EA2DD2 /* LocalTransactionCache */ = {
			isa = PBXGroup;
			children = (
				D724060018A6026900EA2DD2 /* LocalTransactionCacheTests.m */,
			);
			name = LocalTransactionCache;
			sourceTree = "<group>";
		};
		D724060218A6027200EA2DD2 /* ModelTests */ = {
			isa = PBXGroup;
			children = (
				D706DDB618B0C8DF0023D2BF /* Procedure Tests */,
				D724060318A6027A00EA2DD2 /* OriginalSampleConstantsTests.m */,
			);
			name = ModelTests;
			sourceTree = "<group>";
		};
		D7439E0218A5FC53000EE008 = {
			isa = PBXGroup;
			children = (
				D7439E1418A5FC53000EE008 /* ProjectCrystalBlueOSX */,
				D7439E3218A5FC53000EE008 /* ProjectCrystalBlueOSXTests */,
				D7439E0D18A5FC53000EE008 /* Frameworks */,
				D7439E0C18A5FC53000EE008 /* Products */,
			);
			sourceTree = "<group>";
		};
		D7439E0C18A5FC53000EE008 /* Products */ = {
			isa = PBXGroup;
			children = (
				D7439E0B18A5FC53000EE008 /* ProjectCrystalBlueOSX.app */,
				D7439E2C18A5FC53000EE008 /* ProjectCrystalBlueOSXTests.xctest */,
			);
			name = Products;
			sourceTree = "<group>";
		};
		D7439E0D18A5FC53000EE008 /* Frameworks */ = {
			isa = PBXGroup;
			children = (
				03AE34D918B1B991006AD856 /* libqrencode.3.dylib */,
				D72405E318A6010E00EA2DD2 /* CFNetwork.framework */,
				D72405E118A6010000EA2DD2 /* libsqlite3.dylib */,
				D72405DD18A600B300EA2DD2 /* AWSiOSSDK.framework */,
				D7439E0E18A5FC53000EE008 /* Cocoa.framework */,
				D7439E2D18A5FC53000EE008 /* XCTest.framework */,
				D7439E1018A5FC53000EE008 /* Other Frameworks */,
			);
			name = Frameworks;
			sourceTree = "<group>";
		};
		D7439E1018A5FC53000EE008 /* Other Frameworks */ = {
			isa = PBXGroup;
			children = (
				D7439E1118A5FC53000EE008 /* AppKit.framework */,
				D7439E1218A5FC53000EE008 /* CoreData.framework */,
				D7439E1318A5FC53000EE008 /* Foundation.framework */,
			);
			name = "Other Frameworks";
			sourceTree = "<group>";
		};
		D7439E1418A5FC53000EE008 /* ProjectCrystalBlueOSX */ = {
			isa = PBXGroup;
			children = (
				D78ACC2B18A5FD7F006084D6 /* Controller */,
				D78ACC2C18A5FD85006084D6 /* Model */,
				D78ACC2D18A5FD92006084D6 /* Store */,
				D78ACC2E18A5FD97006084D6 /* Utility */,
				D78ACC2F18A5FD9B006084D6 /* ViewController */,
				D7439E2018A5FC53000EE008 /* AppDelegate.h */,
				D7439E2118A5FC53000EE008 /* AppDelegate.m */,
				D7439E2318A5FC53000EE008 /* MainMenu.xib */,
				D7439E2618A5FC53000EE008 /* Images.xcassets */,
				D7439E1518A5FC53000EE008 /* Supporting Files */,
			);
			path = ProjectCrystalBlueOSX;
			sourceTree = "<group>";
		};
		D7439E1518A5FC53000EE008 /* Supporting Files */ = {
			isa = PBXGroup;
			children = (
				D7439E1618A5FC53000EE008 /* ProjectCrystalBlueOSX-Info.plist */,
				D7439E1718A5FC53000EE008 /* InfoPlist.strings */,
				D7439E1A18A5FC53000EE008 /* main.m */,
				D7439E1C18A5FC53000EE008 /* ProjectCrystalBlueOSX-Prefix.pch */,
				D7439E1D18A5FC53000EE008 /* Credits.rtf */,
			);
			name = "Supporting Files";
			sourceTree = "<group>";
		};
		D7439E3218A5FC53000EE008 /* ProjectCrystalBlueOSXTests */ = {
			isa = PBXGroup;
			children = (
				D724060218A6027200EA2DD2 /* ModelTests */,
				D72405E718A601CC00EA2DD2 /* Store Tests */,
				D7439E3818A5FC53000EE008 /* ProjectCrystalBlueOSXTests.m */,
				D724060518A6028300EA2DD2 /* SimpleDBExample.m */,
				D7439E3318A5FC53000EE008 /* Supporting Files */,
			);
			path = ProjectCrystalBlueOSXTests;
			sourceTree = "<group>";
		};
		D7439E3318A5FC53000EE008 /* Supporting Files */ = {
			isa = PBXGroup;
			children = (
				D7439E3418A5FC53000EE008 /* ProjectCrystalBlueOSXTests-Info.plist */,
				D7439E3518A5FC53000EE008 /* InfoPlist.strings */,
			);
			name = "Supporting Files";
			sourceTree = "<group>";
		};
		D770578118AD7C8900F011E5 /* EditSourceView */ = {
			isa = PBXGroup;
			children = (
				D770578218AD7CC100F011E5 /* EditSourceViewController.h */,
				D770578318AD7CC100F011E5 /* EditSourceViewController.m */,
				D770578418AD7CC100F011E5 /* EditSourceViewController.xib */,
			);
			name = EditSourceView;
			sourceTree = "<group>";
		};
		D78ACC2B18A5FD7F006084D6 /* Controller */ = {
			isa = PBXGroup;
			children = (
			);
			name = Controller;
			sourceTree = "<group>";
		};
		D78ACC2C18A5FD85006084D6 /* Model */ = {
			isa = PBXGroup;
			children = (
				D706DDAF18B0AC550023D2BF /* Procedure */,
				D78ACC8E18A5FEB6006084D6 /* LibraryObject.h */,
				D78ACC8F18A5FEB6006084D6 /* LibraryObject.m */,
				D78ACC9018A5FEB6006084D6 /* Source.h */,
				D78ACC9118A5FEB6006084D6 /* Source.m */,
				D78ACC9218A5FEB6006084D6 /* Sample.h */,
				D78ACC9318A5FEB6006084D6 /* Sample.m */,
				D086319F18AC5ACB007A8DAA /* Transaction.h */,
				D08631A018AC5ACB007A8DAA /* Transaction.m */,
				D78ACC9418A5FEB6006084D6 /* SourceConstants.h */,
				D78ACC9518A5FEB6006084D6 /* SourceConstants.m */,
				D78ACC9618A5FEB6006084D6 /* SampleConstants.h */,
				D78ACC9718A5FEB6006084D6 /* SampleConstants.m */,
				D0C2196C18AAF73500DF9CB7 /* TransactionConstants.h */,
				D0C2196D18AAF73500DF9CB7 /* TransactionConstants.m */,
			);
			name = Model;
			sourceTree = "<group>";
		};
		D78ACC2D18A5FD92006084D6 /* Store */ = {
			isa = PBXGroup;
			children = (
				D08631A218AC619D007A8DAA /* TransactionStore */,
				D78ACC7418A5FE5F006084D6 /* LibraryObjectStore */,
				D78ACC5C18A5FE06006084D6 /* ImageStore */,
				D78ACC5318A5FDFD006084D6 /* LocalTransactionCache.h */,
				D78ACC5418A5FDFD006084D6 /* LocalTransactionCache.m */,
				D78ACC6C18A5FE2E006084D6 /* HardcodedCredentialsProvider.h */,
				D78ACC6D18A5FE2E006084D6 /* HardcodedCredentialsProvider.m */,
			);
			name = Store;
			sourceTree = "<group>";
		};
		D78ACC2E18A5FD97006084D6 /* Utility */ = {
			isa = PBXGroup;
			children = (
				D78ACC4F18A5FDE9006084D6 /* ImageUtils.h */,
				D78ACC5018A5FDE9006084D6 /* ImageUtils.m */,
				D78ACC4018A5FDC8006084D6 /* Lumberjack */,
				D78ACC3018A5FDAE006084D6 /* FMDB */,
			);
			name = Utility;
			sourceTree = "<group>";
		};
		D78ACC2F18A5FD9B006084D6 /* ViewController */ = {
			isa = PBXGroup;
			children = (
				D7F822BB18B199290017548F /* SamplesView */,
				D770578118AD7C8900F011E5 /* EditSourceView */,
				D7EA0B8A18A84AFF003D74BA /* AddNewSourceView */,
				D7272DF318A60660003860E2 /* SourcesViewController.h */,
				D7272DF418A60660003860E2 /* SourcesViewController.m */,
				D7272DF518A60660003860E2 /* SourcesViewController.xib */,
			);
			name = ViewController;
			sourceTree = "<group>";
		};
		D78ACC3018A5FDAE006084D6 /* FMDB */ = {
			isa = PBXGroup;
			children = (
				D78ACC3118A5FDC0006084D6 /* FMDatabase.h */,
				D78ACC3218A5FDC0006084D6 /* FMDatabase.m */,
				D78ACC3318A5FDC0006084D6 /* FMDatabaseAdditions.h */,
				D78ACC3418A5FDC0006084D6 /* FMDatabaseAdditions.m */,
				D78ACC3518A5FDC0006084D6 /* FMDatabasePool.h */,
				D78ACC3618A5FDC0006084D6 /* FMDatabasePool.m */,
				D78ACC3718A5FDC0006084D6 /* FMDatabaseQueue.h */,
				D78ACC3818A5FDC0006084D6 /* FMDatabaseQueue.m */,
				D78ACC3918A5FDC0006084D6 /* FMResultSet.h */,
				D78ACC3A18A5FDC0006084D6 /* FMResultSet.m */,
			);
			name = FMDB;
			sourceTree = "<group>";
		};
		D78ACC4018A5FDC8006084D6 /* Lumberjack */ = {
			isa = PBXGroup;
			children = (
				D78ACC4118A5FDD9006084D6 /* DDFileLogger.h */,
				D78ACC4218A5FDD9006084D6 /* DDFileLogger.m */,
				D78ACC4318A5FDD9006084D6 /* DDTTYLogger.h */,
				D78ACC4418A5FDD9006084D6 /* DDTTYLogger.m */,
				D78ACC4518A5FDD9006084D6 /* DDASLLogger.h */,
				D78ACC4618A5FDD9006084D6 /* DDASLLogger.m */,
				D78ACC4718A5FDD9006084D6 /* DDLog.h */,
				D78ACC4818A5FDD9006084D6 /* DDLog.m */,
			);
			name = Lumberjack;
			sourceTree = "<group>";
		};
		D78ACC5C18A5FE06006084D6 /* ImageStore */ = {
			isa = PBXGroup;
			children = (
				D78ACC7118A5FE3B006084D6 /* ImageStoreResources */,
				D78ACC6718A5FE25006084D6 /* S3ImageStore */,
				D78ACC6018A5FE16006084D6 /* Abstract Classes */,
				D78ACC5D18A5FE13006084D6 /* LocalImageStore.h */,
				D78ACC5E18A5FE13006084D6 /* LocalImageStore.m */,
			);
			name = ImageStore;
			sourceTree = "<group>";
		};
		D78ACC6018A5FE16006084D6 /* Abstract Classes */ = {
			isa = PBXGroup;
			children = (
				D78ACC6118A5FE21006084D6 /* AbstractImageStore.h */,
				D78ACC6218A5FE21006084D6 /* AbstractImageStore.m */,
				D78ACC6318A5FE21006084D6 /* AbstractCloudImageStore.h */,
				D78ACC6418A5FE21006084D6 /* AbstractCloudImageStore.m */,
			);
			name = "Abstract Classes";
			sourceTree = "<group>";
		};
		D78ACC6718A5FE25006084D6 /* S3ImageStore */ = {
			isa = PBXGroup;
			children = (
				D78ACC6818A5FE2E006084D6 /* S3ImageStore.h */,
				D78ACC6918A5FE2E006084D6 /* S3ImageStore.m */,
				D78ACC6A18A5FE2E006084D6 /* S3Utils.h */,
				D78ACC6B18A5FE2E006084D6 /* S3Utils.m */,
			);
			name = S3ImageStore;
			sourceTree = "<group>";
		};
		D78ACC7118A5FE3B006084D6 /* ImageStoreResources */ = {
			isa = PBXGroup;
			children = (
				D78ACC7218A5FE44006084D6 /* no_image.png */,
			);
			name = ImageStoreResources;
			sourceTree = "<group>";
		};
		D78ACC7418A5FE5F006084D6 /* LibraryObjectStore */ = {
			isa = PBXGroup;
			children = (
				D78ACC8018A5FE83006084D6 /* SimpleDBLibraryObjectStore */,
				D78ACC7918A5FE71006084D6 /* Abstract Classes */,
				D78ACC7518A5FE68006084D6 /* LocalLibraryObjectStore.h */,
				D78ACC7618A5FE68006084D6 /* LocalLibraryObjectStore.m */,
			);
			name = LibraryObjectStore;
			sourceTree = "<group>";
		};
		D78ACC7918A5FE71006084D6 /* Abstract Classes */ = {
			isa = PBXGroup;
			children = (
				D78ACC7A18A5FE7C006084D6 /* AbstractLibraryObjectStore.h */,
				D78ACC7B18A5FE7C006084D6 /* AbstractLibraryObjectStore.m */,
				D78ACC7C18A5FE7C006084D6 /* AbstractCloudLibraryObjectStore.h */,
				D78ACC7D18A5FE7C006084D6 /* AbstractCloudLibraryObjectStore.m */,
			);
			name = "Abstract Classes";
			sourceTree = "<group>";
		};
		D78ACC8018A5FE83006084D6 /* SimpleDBLibraryObjectStore */ = {
			isa = PBXGroup;
			children = (
				D78ACC8118A5FE8E006084D6 /* SimpleDBLibraryObjectStore.h */,
				D78ACC8218A5FE8E006084D6 /* SimpleDBLibraryObjectStore.m */,
				D09C7E9618B1A72A001B98AF /* SimpleDBUtils.h */,
				D09C7E9718B1A72A001B98AF /* SimpleDBUtils.m */,
			);
			name = SimpleDBLibraryObjectStore;
			sourceTree = "<group>";
		};
		D7EA0B8A18A84AFF003D74BA /* AddNewSourceView */ = {
			isa = PBXGroup;
			children = (
				D7EA0B8B18A84B14003D74BA /* AddNewSourceViewController.h */,
				D7EA0B8C18A84B14003D74BA /* AddNewSourceViewController.m */,
				D7EA0B8D18A84B14003D74BA /* AddNewSourceViewController.xib */,
			);
			name = AddNewSourceView;
			sourceTree = "<group>";
		};
		D7F822BB18B199290017548F /* SamplesView */ = {
			isa = PBXGroup;
			children = (
				D7F822BC18B199450017548F /* SamplesViewController.h */,
				D7F822BD18B199450017548F /* SamplesViewController.m */,
				D7F822BE18B199450017548F /* SamplesViewController.xib */,
			);
			name = SamplesView;
			sourceTree = "<group>";
		};
/* End PBXGroup section */

/* Begin PBXNativeTarget section */
		D7439E0A18A5FC53000EE008 /* ProjectCrystalBlueOSX */ = {
			isa = PBXNativeTarget;
			buildConfigurationList = D7439E3C18A5FC53000EE008 /* Build configuration list for PBXNativeTarget "ProjectCrystalBlueOSX" */;
			buildPhases = (
				D7439E0718A5FC53000EE008 /* Sources */,
				D7439E0818A5FC53000EE008 /* Frameworks */,
				D7439E0918A5FC53000EE008 /* Resources */,
			);
			buildRules = (
			);
			dependencies = (
			);
			name = ProjectCrystalBlueOSX;
			productName = ProjectCrystalBlueOSX;
			productReference = D7439E0B18A5FC53000EE008 /* ProjectCrystalBlueOSX.app */;
			productType = "com.apple.product-type.application";
		};
		D7439E2B18A5FC53000EE008 /* ProjectCrystalBlueOSXTests */ = {
			isa = PBXNativeTarget;
			buildConfigurationList = D7439E3F18A5FC53000EE008 /* Build configuration list for PBXNativeTarget "ProjectCrystalBlueOSXTests" */;
			buildPhases = (
				D7439E2818A5FC53000EE008 /* Sources */,
				D7439E2918A5FC53000EE008 /* Frameworks */,
				D7439E2A18A5FC53000EE008 /* Resources */,
			);
			buildRules = (
			);
			dependencies = (
				D7439E3118A5FC53000EE008 /* PBXTargetDependency */,
			);
			name = ProjectCrystalBlueOSXTests;
			productName = ProjectCrystalBlueOSXTests;
			productReference = D7439E2C18A5FC53000EE008 /* ProjectCrystalBlueOSXTests.xctest */;
			productType = "com.apple.product-type.bundle.unit-test";
		};
/* End PBXNativeTarget section */

/* Begin PBXProject section */
		D7439E0318A5FC53000EE008 /* Project object */ = {
			isa = PBXProject;
			attributes = {
				LastUpgradeCheck = 0500;
				ORGANIZATIONNAME = "Project Crystal Blue";
				TargetAttributes = {
					D7439E2B18A5FC53000EE008 = {
						TestTargetID = D7439E0A18A5FC53000EE008;
					};
				};
			};
			buildConfigurationList = D7439E0618A5FC53000EE008 /* Build configuration list for PBXProject "ProjectCrystalBlueOSX" */;
			compatibilityVersion = "Xcode 3.2";
			developmentRegion = English;
			hasScannedForEncodings = 0;
			knownRegions = (
				en,
				Base,
			);
			mainGroup = D7439E0218A5FC53000EE008;
			productRefGroup = D7439E0C18A5FC53000EE008 /* Products */;
			projectDirPath = "";
			projectRoot = "";
			targets = (
				D7439E0A18A5FC53000EE008 /* ProjectCrystalBlueOSX */,
				D7439E2B18A5FC53000EE008 /* ProjectCrystalBlueOSXTests */,
			);
		};
/* End PBXProject section */

/* Begin PBXResourcesBuildPhase section */
		D7439E0918A5FC53000EE008 /* Resources */ = {
			isa = PBXResourcesBuildPhase;
			buildActionMask = 2147483647;
			files = (
				D7F822C018B199450017548F /* SamplesViewController.xib in Resources */,
				D7439E1918A5FC53000EE008 /* InfoPlist.strings in Resources */,
				D7272DF718A60660003860E2 /* SourcesViewController.xib in Resources */,
				D7439E2718A5FC53000EE008 /* Images.xcassets in Resources */,
				D770578618AD7CC100F011E5 /* EditSourceViewController.xib in Resources */,
				D7439E1F18A5FC53000EE008 /* Credits.rtf in Resources */,
				D7439E2518A5FC53000EE008 /* MainMenu.xib in Resources */,
				D78ACC7318A5FE44006084D6 /* no_image.png in Resources */,
				D7EA0B8F18A84B14003D74BA /* AddNewSourceViewController.xib in Resources */,
			);
			runOnlyForDeploymentPostprocessing = 0;
		};
		D7439E2A18A5FC53000EE008 /* Resources */ = {
			isa = PBXResourcesBuildPhase;
			buildActionMask = 2147483647;
			files = (
				D72405FC18A6024900EA2DD2 /* UNIT_TEST_UPLOAD_IMAGE_16x16.jpg in Resources */,
				D72405F618A6023B00EA2DD2 /* big_test_image_4096-4096.jpg in Resources */,
				D7439E3718A5FC53000EE008 /* InfoPlist.strings in Resources */,
			);
			runOnlyForDeploymentPostprocessing = 0;
		};
/* End PBXResourcesBuildPhase section */

/* Begin PBXSourcesBuildPhase section */
		D7439E0718A5FC53000EE008 /* Sources */ = {
			isa = PBXSourcesBuildPhase;
			buildActionMask = 2147483647;
			files = (
				D78ACC7018A5FE2E006084D6 /* HardcodedCredentialsProvider.m in Sources */,
				D78ACC3B18A5FDC0006084D6 /* FMDatabase.m in Sources */,
				D78ACC6F18A5FE2E006084D6 /* S3Utils.m in Sources */,
				D78ACC5518A5FDFD006084D6 /* LocalTransactionCache.m in Sources */,
				D78ACC9C18A5FEB6006084D6 /* SampleConstants.m in Sources */,
				D78ACC9A18A5FEB6006084D6 /* Sample.m in Sources */,
				D706DDB518B0BB310023D2BF /* PrimitiveProcedures.m in Sources */,
				D78ACC4918A5FDD9006084D6 /* DDFileLogger.m in Sources */,
				D7439E2218A5FC53000EE008 /* AppDelegate.m in Sources */,
				D770578518AD7CC100F011E5 /* EditSourceViewController.m in Sources */,
				D706DDB218B0AC9D0023D2BF /* ProcedureNameConstants.m in Sources */,
				D08631A518AC61BA007A8DAA /* TransactionStore.m in Sources */,
				D78ACC9918A5FEB6006084D6 /* Source.m in Sources */,
				D78ACC5F18A5FE13006084D6 /* LocalImageStore.m in Sources */,
				D78ACC4A18A5FDD9006084D6 /* DDTTYLogger.m in Sources */,
				D704E1A718B15C5B00170B7E /* ProcedureTagDecoder.m in Sources */,
				D78ACC4B18A5FDD9006084D6 /* DDASLLogger.m in Sources */,
				D78ACC6E18A5FE2E006084D6 /* S3ImageStore.m in Sources */,
				D7EA0B8E18A84B14003D74BA /* AddNewSourceViewController.m in Sources */,
				D78ACC9B18A5FEB6006084D6 /* SourceConstants.m in Sources */,
				D78ACC9818A5FEB6006084D6 /* LibraryObject.m in Sources */,
				D78ACC7E18A5FE7C006084D6 /* AbstractLibraryObjectStore.m in Sources */,
				D78ACC4C18A5FDD9006084D6 /* DDLog.m in Sources */,
				D08631A118AC5ACB007A8DAA /* Transaction.m in Sources */,
				D78ACC3F18A5FDC0006084D6 /* FMResultSet.m in Sources */,
				D78ACC6518A5FE21006084D6 /* AbstractImageStore.m in Sources */,
				D78ACC7718A5FE68006084D6 /* LocalLibraryObjectStore.m in Sources */,
				D78ACC3D18A5FDC0006084D6 /* FMDatabasePool.m in Sources */,
				D78ACC7F18A5FE7C006084D6 /* AbstractCloudLibraryObjectStore.m in Sources */,
				D704E1AE18B16C4700170B7E /* Procedures.m in Sources */,
				D78ACC8518A5FE8E006084D6 /* SimpleDBLibraryObjectStore.m in Sources */,
				D7439E1B18A5FC53000EE008 /* main.m in Sources */,
				D7272DF618A60660003860E2 /* SourcesViewController.m in Sources */,
				D78ACC3C18A5FDC0006084D6 /* FMDatabaseAdditions.m in Sources */,
				D0C2196E18AAF73500DF9CB7 /* TransactionConstants.m in Sources */,
				D78ACC3E18A5FDC0006084D6 /* FMDatabaseQueue.m in Sources */,
				D78ACC5218A5FDE9006084D6 /* ImageUtils.m in Sources */,
				D78ACC6618A5FE21006084D6 /* AbstractCloudImageStore.m in Sources */,
				D09C7E9818B1A72A001B98AF /* SimpleDBUtils.m in Sources */,
				D0655A0518B207F7008947B5 /* SamplesViewController.m in Sources */,
			);
			runOnlyForDeploymentPostprocessing = 0;
		};
		D7439E2818A5FC53000EE008 /* Sources */ = {
			isa = PBXSourcesBuildPhase;
			buildActionMask = 2147483647;
			files = (
				D724060418A6027A00EA2DD2 /* OriginalSampleConstantsTests.m in Sources */,
				D0C9F1E718AEF5E800885DB4 /* SimpleDBLibraryObjectStoreTests.m in Sources */,
				D72405F718A6023B00EA2DD2 /* LocalImageStoreTests.m in Sources */,
				D09C7E9A18B1ABFE001B98AF /* SimpleDBUtilsTests.m in Sources */,
				D72405FD18A6024900EA2DD2 /* S3ImageStoreTests.m in Sources */,
				D72405EB18A601ED00EA2DD2 /* LocalLibraryObjectStoreTests.m in Sources */,
				D706DDB818B0C8EF0023D2BF /* PrimitiveProcedureTests.m in Sources */,
				D724060618A6028300EA2DD2 /* SimpleDBExample.m in Sources */,
				D704E1B018B16F6200170B7E /* ProceduresTests.m in Sources */,
				D7439E3918A5FC53000EE008 /* ProjectCrystalBlueOSXTests.m in Sources */,
				D024A0D718ADA07600B577E4 /* TransactionStoreTests.m in Sources */,
				D72405F218A6022500EA2DD2 /* AbstractImageStoreTests.m in Sources */,
				D72405FE18A6024900EA2DD2 /* S3UtilsTests.m in Sources */,
				D704E1AB18B1654200170B7E /* ProcedureTagDecoderTests.m in Sources */,
				D724060118A6026900EA2DD2 /* LocalTransactionCacheTests.m in Sources */,
				D704E1A918B162CE00170B7E /* ProcedureNameConstantsTests.m in Sources */,
			);
			runOnlyForDeploymentPostprocessing = 0;
		};
/* End PBXSourcesBuildPhase section */

/* Begin PBXTargetDependency section */
		D7439E3118A5FC53000EE008 /* PBXTargetDependency */ = {
			isa = PBXTargetDependency;
			target = D7439E0A18A5FC53000EE008 /* ProjectCrystalBlueOSX */;
			targetProxy = D7439E3018A5FC53000EE008 /* PBXContainerItemProxy */;
		};
/* End PBXTargetDependency section */

/* Begin PBXVariantGroup section */
		D7439E1718A5FC53000EE008 /* InfoPlist.strings */ = {
			isa = PBXVariantGroup;
			children = (
				D7439E1818A5FC53000EE008 /* en */,
			);
			name = InfoPlist.strings;
			sourceTree = "<group>";
		};
		D7439E1D18A5FC53000EE008 /* Credits.rtf */ = {
			isa = PBXVariantGroup;
			children = (
				D7439E1E18A5FC53000EE008 /* en */,
			);
			name = Credits.rtf;
			sourceTree = "<group>";
		};
		D7439E2318A5FC53000EE008 /* MainMenu.xib */ = {
			isa = PBXVariantGroup;
			children = (
				D7439E2418A5FC53000EE008 /* Base */,
			);
			name = MainMenu.xib;
			sourceTree = "<group>";
		};
		D7439E3518A5FC53000EE008 /* InfoPlist.strings */ = {
			isa = PBXVariantGroup;
			children = (
				D7439E3618A5FC53000EE008 /* en */,
			);
			name = InfoPlist.strings;
			sourceTree = "<group>";
		};
/* End PBXVariantGroup section */

/* Begin XCBuildConfiguration section */
		D7439E3A18A5FC53000EE008 /* Debug */ = {
			isa = XCBuildConfiguration;
			buildSettings = {
				ALWAYS_SEARCH_USER_PATHS = NO;
				CLANG_CXX_LANGUAGE_STANDARD = "gnu++0x";
				CLANG_CXX_LIBRARY = "libc++";
				CLANG_ENABLE_OBJC_ARC = YES;
				CLANG_WARN_BOOL_CONVERSION = YES;
				CLANG_WARN_CONSTANT_CONVERSION = YES;
				CLANG_WARN_DIRECT_OBJC_ISA_USAGE = YES_ERROR;
				CLANG_WARN_EMPTY_BODY = YES;
				CLANG_WARN_ENUM_CONVERSION = YES;
				CLANG_WARN_INT_CONVERSION = YES;
				CLANG_WARN_OBJC_ROOT_CLASS = YES_ERROR;
				CLANG_WARN__DUPLICATE_METHOD_MATCH = YES;
				COPY_PHASE_STRIP = NO;
				GCC_C_LANGUAGE_STANDARD = gnu99;
				GCC_DYNAMIC_NO_PIC = NO;
				GCC_ENABLE_OBJC_EXCEPTIONS = YES;
				GCC_OPTIMIZATION_LEVEL = 0;
				GCC_PREPROCESSOR_DEFINITIONS = (
					"DEBUG=1",
					"$(inherited)",
				);
				GCC_SYMBOLS_PRIVATE_EXTERN = NO;
				GCC_WARN_64_TO_32_BIT_CONVERSION = YES;
				GCC_WARN_ABOUT_RETURN_TYPE = YES_ERROR;
				GCC_WARN_UNDECLARED_SELECTOR = YES;
				GCC_WARN_UNINITIALIZED_AUTOS = YES;
				GCC_WARN_UNUSED_FUNCTION = YES;
				GCC_WARN_UNUSED_VARIABLE = YES;
				MACOSX_DEPLOYMENT_TARGET = 10.9;
				ONLY_ACTIVE_ARCH = YES;
				SDKROOT = macosx;
			};
			name = Debug;
		};
		D7439E3B18A5FC53000EE008 /* Release */ = {
			isa = XCBuildConfiguration;
			buildSettings = {
				ALWAYS_SEARCH_USER_PATHS = NO;
				CLANG_CXX_LANGUAGE_STANDARD = "gnu++0x";
				CLANG_CXX_LIBRARY = "libc++";
				CLANG_ENABLE_OBJC_ARC = YES;
				CLANG_WARN_BOOL_CONVERSION = YES;
				CLANG_WARN_CONSTANT_CONVERSION = YES;
				CLANG_WARN_DIRECT_OBJC_ISA_USAGE = YES_ERROR;
				CLANG_WARN_EMPTY_BODY = YES;
				CLANG_WARN_ENUM_CONVERSION = YES;
				CLANG_WARN_INT_CONVERSION = YES;
				CLANG_WARN_OBJC_ROOT_CLASS = YES_ERROR;
				CLANG_WARN__DUPLICATE_METHOD_MATCH = YES;
				COPY_PHASE_STRIP = YES;
				DEBUG_INFORMATION_FORMAT = "dwarf-with-dsym";
				ENABLE_NS_ASSERTIONS = NO;
				GCC_C_LANGUAGE_STANDARD = gnu99;
				GCC_ENABLE_OBJC_EXCEPTIONS = YES;
				GCC_WARN_64_TO_32_BIT_CONVERSION = YES;
				GCC_WARN_ABOUT_RETURN_TYPE = YES_ERROR;
				GCC_WARN_UNDECLARED_SELECTOR = YES;
				GCC_WARN_UNINITIALIZED_AUTOS = YES;
				GCC_WARN_UNUSED_FUNCTION = YES;
				GCC_WARN_UNUSED_VARIABLE = YES;
				MACOSX_DEPLOYMENT_TARGET = 10.9;
				SDKROOT = macosx;
			};
			name = Release;
		};
		D7439E3D18A5FC53000EE008 /* Debug */ = {
			isa = XCBuildConfiguration;
			buildSettings = {
				ASSETCATALOG_COMPILER_APPICON_NAME = AppIcon;
				COMBINE_HIDPI_IMAGES = YES;
				FRAMEWORK_SEARCH_PATHS = (
					"$(inherited)",
					"$(SRCROOT)/include",
				);
				GCC_PRECOMPILE_PREFIX_HEADER = YES;
				GCC_PREFIX_HEADER = "ProjectCrystalBlueOSX/ProjectCrystalBlueOSX-Prefix.pch";
				HEADER_SEARCH_PATHS = (
					"$(inherited)",
					/Applications/Xcode.app/Contents/Developer/Toolchains/XcodeDefault.xctoolchain/usr/include,
					"$(SRCROOT)/include",
				);
				INFOPLIST_FILE = "ProjectCrystalBlueOSX/ProjectCrystalBlueOSX-Info.plist";
				LIBRARY_SEARCH_PATHS = (
					"$(inherited)",
					"$(SRCROOT)/include",
				);
				PRODUCT_NAME = "$(TARGET_NAME)";
				WRAPPER_EXTENSION = app;
			};
			name = Debug;
		};
		D7439E3E18A5FC53000EE008 /* Release */ = {
			isa = XCBuildConfiguration;
			buildSettings = {
				ASSETCATALOG_COMPILER_APPICON_NAME = AppIcon;
				COMBINE_HIDPI_IMAGES = YES;
				FRAMEWORK_SEARCH_PATHS = (
					"$(inherited)",
					"$(SRCROOT)/include",
				);
				GCC_PRECOMPILE_PREFIX_HEADER = YES;
				GCC_PREFIX_HEADER = "ProjectCrystalBlueOSX/ProjectCrystalBlueOSX-Prefix.pch";
				HEADER_SEARCH_PATHS = (
					"$(inherited)",
					/Applications/Xcode.app/Contents/Developer/Toolchains/XcodeDefault.xctoolchain/usr/include,
					"$(SRCROOT)/include",
				);
				INFOPLIST_FILE = "ProjectCrystalBlueOSX/ProjectCrystalBlueOSX-Info.plist";
				LIBRARY_SEARCH_PATHS = (
					"$(inherited)",
					"$(SRCROOT)/include",
				);
				PRODUCT_NAME = "$(TARGET_NAME)";
				WRAPPER_EXTENSION = app;
			};
			name = Release;
		};
		D7439E4018A5FC53000EE008 /* Debug */ = {
			isa = XCBuildConfiguration;
			buildSettings = {
				BUNDLE_LOADER = "$(BUILT_PRODUCTS_DIR)/ProjectCrystalBlueOSX.app/Contents/MacOS/ProjectCrystalBlueOSX";
				COMBINE_HIDPI_IMAGES = YES;
				FRAMEWORK_SEARCH_PATHS = (
					"$(DEVELOPER_FRAMEWORKS_DIR)",
					"$(inherited)",
					"$(SRCROOT)/include",
				);
				GCC_PRECOMPILE_PREFIX_HEADER = YES;
				GCC_PREFIX_HEADER = "ProjectCrystalBlueOSX/ProjectCrystalBlueOSX-Prefix.pch";
				GCC_PREPROCESSOR_DEFINITIONS = (
					"DEBUG=1",
					"$(inherited)",
				);
				HEADER_SEARCH_PATHS = (
					"$(inherited)",
					/Applications/Xcode.app/Contents/Developer/Toolchains/XcodeDefault.xctoolchain/usr/include,
					"$(SRCROOT)/include",
				);
				INFOPLIST_FILE = "ProjectCrystalBlueOSXTests/ProjectCrystalBlueOSXTests-Info.plist";
				LIBRARY_SEARCH_PATHS = (
					"$(SRCROOT)/include",
					/Users/Justin/Projects/ProjectCrystalBlueOSX/ProjectCrystalBlueOSX/include,
				);
				PRODUCT_NAME = "$(TARGET_NAME)";
				TEST_HOST = "$(BUNDLE_LOADER)";
				WRAPPER_EXTENSION = xctest;
			};
			name = Debug;
		};
		D7439E4118A5FC53000EE008 /* Release */ = {
			isa = XCBuildConfiguration;
			buildSettings = {
				BUNDLE_LOADER = "$(BUILT_PRODUCTS_DIR)/ProjectCrystalBlueOSX.app/Contents/MacOS/ProjectCrystalBlueOSX";
				COMBINE_HIDPI_IMAGES = YES;
				FRAMEWORK_SEARCH_PATHS = (
					"$(DEVELOPER_FRAMEWORKS_DIR)",
					"$(inherited)",
					"$(SRCROOT)/include",
				);
				GCC_PRECOMPILE_PREFIX_HEADER = YES;
				GCC_PREFIX_HEADER = "ProjectCrystalBlueOSX/ProjectCrystalBlueOSX-Prefix.pch";
				HEADER_SEARCH_PATHS = (
					"$(inherited)",
					/Applications/Xcode.app/Contents/Developer/Toolchains/XcodeDefault.xctoolchain/usr/include,
					"$(SRCROOT)/include",
				);
				INFOPLIST_FILE = "ProjectCrystalBlueOSXTests/ProjectCrystalBlueOSXTests-Info.plist";
				LIBRARY_SEARCH_PATHS = (
					"$(SRCROOT)/include",
					/Users/Justin/Projects/ProjectCrystalBlueOSX/ProjectCrystalBlueOSX/include,
				);
				PRODUCT_NAME = "$(TARGET_NAME)";
				TEST_HOST = "$(BUNDLE_LOADER)";
				WRAPPER_EXTENSION = xctest;
			};
			name = Release;
		};
/* End XCBuildConfiguration section */

/* Begin XCConfigurationList section */
		D7439E0618A5FC53000EE008 /* Build configuration list for PBXProject "ProjectCrystalBlueOSX" */ = {
			isa = XCConfigurationList;
			buildConfigurations = (
				D7439E3A18A5FC53000EE008 /* Debug */,
				D7439E3B18A5FC53000EE008 /* Release */,
			);
			defaultConfigurationIsVisible = 0;
			defaultConfigurationName = Release;
		};
		D7439E3C18A5FC53000EE008 /* Build configuration list for PBXNativeTarget "ProjectCrystalBlueOSX" */ = {
			isa = XCConfigurationList;
			buildConfigurations = (
				D7439E3D18A5FC53000EE008 /* Debug */,
				D7439E3E18A5FC53000EE008 /* Release */,
			);
			defaultConfigurationIsVisible = 0;
			defaultConfigurationName = Release;
		};
		D7439E3F18A5FC53000EE008 /* Build configuration list for PBXNativeTarget "ProjectCrystalBlueOSXTests" */ = {
			isa = XCConfigurationList;
			buildConfigurations = (
				D7439E4018A5FC53000EE008 /* Debug */,
				D7439E4118A5FC53000EE008 /* Release */,
			);
			defaultConfigurationIsVisible = 0;
			defaultConfigurationName = Release;
		};
/* End XCConfigurationList section */
	};
	rootObject = D7439E0318A5FC53000EE008 /* Project object */;
}
